Microsoft Visual Studio Solution File, Format Version 12.00
# Visual Studio 14
VisualStudioVersion = 14.0.25420.1
MinimumVisualStudioVersion = 10.0.40219.1
Project("{FAE04EC0-301F-11D3-BF4B-00C04F79EFBC}") = "Lottie.Droid", "Lottie.Droid\Lottie.Droid.csproj", "{0183ABDF-F583-4E8A-8055-5369192EE42D}"
EndProject
Project("{FAE04EC0-301F-11D3-BF4B-00C04F79EFBC}") = "Lottie.Forms", "Lottie.Forms\Lottie.Forms.csproj", "{F03D2DD6-BBDA-45B9-982E-4DCA43FCB8E1}"
EndProject
Project("{FAE04EC0-301F-11D3-BF4B-00C04F79EFBC}") = "Lottie.Forms.iOS", "Lottie.Forms.iOS\Lottie.Forms.iOS.csproj", "{54014744-396B-4965-A996-296FCBED0FF4}"
EndProject
Project("{FAE04EC0-301F-11D3-BF4B-00C04F79EFBC}") = "Lottie.Forms.Droid", "Lottie.Forms.Droid\Lottie.Forms.Droid.csproj", "{DFD5A4C3-584A-472D-9270-6692A95EEEE8}"
EndProject
Project("{FAE04EC0-301F-11D3-BF4B-00C04F79EFBC}") = "Lottie.iOS", "Lottie.iOS\Lottie.iOS.csproj", "{8F0CC2B2-88E2-459B-AC92-F3A74071707E}"
EndProject
Project("{2150E333-8FDC-42A3-9474-1A3956D46DE8}") = "Examples", "Examples", "{C798DE1A-5CF4-4F1F-94C3-B0BF0CA6405F}"
EndProject
Project("{FAE04EC0-301F-11D3-BF4B-00C04F79EFBC}") = "Example.iOS", "Examples\Example.iOS\Example.iOS.csproj", "{0AD4AF3E-7603-4279-8207-3A55E8229DFF}"
EndProject
Global
	GlobalSection(SolutionConfigurationPlatforms) = preSolution
		Ad-Hoc|Any CPU = Ad-Hoc|Any CPU
		Ad-Hoc|iPhone = Ad-Hoc|iPhone
		Ad-Hoc|iPhoneSimulator = Ad-Hoc|iPhoneSimulator
		AppStore|Any CPU = AppStore|Any CPU
		AppStore|iPhone = AppStore|iPhone
		AppStore|iPhoneSimulator = AppStore|iPhoneSimulator
		Debug|Any CPU = Debug|Any CPU
		Debug|iPhone = Debug|iPhone
		Debug|iPhoneSimulator = Debug|iPhoneSimulator
		Release|Any CPU = Release|Any CPU
		Release|iPhone = Release|iPhone
		Release|iPhoneSimulator = Release|iPhoneSimulator
	EndGlobalSection
	GlobalSection(ProjectConfigurationPlatforms) = postSolution
		{0183ABDF-F583-4E8A-8055-5369192EE42D}.Ad-Hoc|Any CPU.ActiveCfg = Release|Any CPU
		{0183ABDF-F583-4E8A-8055-5369192EE42D}.Ad-Hoc|Any CPU.Build.0 = Release|Any CPU
		{0183ABDF-F583-4E8A-8055-5369192EE42D}.Ad-Hoc|iPhone.ActiveCfg = Release|Any CPU
		{0183ABDF-F583-4E8A-8055-5369192EE42D}.Ad-Hoc|iPhone.Build.0 = Release|Any CPU
		{0183ABDF-F583-4E8A-8055-5369192EE42D}.Ad-Hoc|iPhoneSimulator.ActiveCfg = Release|Any CPU
		{0183ABDF-F583-4E8A-8055-5369192EE42D}.Ad-Hoc|iPhoneSimulator.Build.0 = Release|Any CPU
		{0183ABDF-F583-4E8A-8055-5369192EE42D}.AppStore|Any CPU.ActiveCfg = Release|Any CPU
		{0183ABDF-F583-4E8A-8055-5369192EE42D}.AppStore|Any CPU.Build.0 = Release|Any CPU
		{0183ABDF-F583-4E8A-8055-5369192EE42D}.AppStore|iPhone.ActiveCfg = Release|Any CPU
		{0183ABDF-F583-4E8A-8055-5369192EE42D}.AppStore|iPhone.Build.0 = Release|Any CPU
		{0183ABDF-F583-4E8A-8055-5369192EE42D}.AppStore|iPhoneSimulator.ActiveCfg = Release|Any CPU
		{0183ABDF-F583-4E8A-8055-5369192EE42D}.AppStore|iPhoneSimulator.Build.0 = Release|Any CPU
		{0183ABDF-F583-4E8A-8055-5369192EE42D}.Debug|Any CPU.ActiveCfg = Debug|Any CPU
		{0183ABDF-F583-4E8A-8055-5369192EE42D}.Debug|Any CPU.Build.0 = Debug|Any CPU
		{0183ABDF-F583-4E8A-8055-5369192EE42D}.Debug|iPhone.ActiveCfg = Debug|Any CPU
		{0183ABDF-F583-4E8A-8055-5369192EE42D}.Debug|iPhone.Build.0 = Debug|Any CPU
		{0183ABDF-F583-4E8A-8055-5369192EE42D}.Debug|iPhoneSimulator.ActiveCfg = Debug|Any CPU
		{0183ABDF-F583-4E8A-8055-5369192EE42D}.Debug|iPhoneSimulator.Build.0 = Debug|Any CPU
		{0183ABDF-F583-4E8A-8055-5369192EE42D}.Release|Any CPU.ActiveCfg = Release|Any CPU
		{0183ABDF-F583-4E8A-8055-5369192EE42D}.Release|Any CPU.Build.0 = Release|Any CPU
		{0183ABDF-F583-4E8A-8055-5369192EE42D}.Release|iPhone.ActiveCfg = Release|Any CPU
		{0183ABDF-F583-4E8A-8055-5369192EE42D}.Release|iPhone.Build.0 = Release|Any CPU
		{0183ABDF-F583-4E8A-8055-5369192EE42D}.Release|iPhoneSimulator.ActiveCfg = Release|Any CPU
		{0183ABDF-F583-4E8A-8055-5369192EE42D}.Release|iPhoneSimulator.Build.0 = Release|Any CPU
		{F03D2DD6-BBDA-45B9-982E-4DCA43FCB8E1}.Ad-Hoc|Any CPU.ActiveCfg = Release|Any CPU
		{F03D2DD6-BBDA-45B9-982E-4DCA43FCB8E1}.Ad-Hoc|Any CPU.Build.0 = Release|Any CPU
		{F03D2DD6-BBDA-45B9-982E-4DCA43FCB8E1}.Ad-Hoc|iPhone.ActiveCfg = Release|Any CPU
		{F03D2DD6-BBDA-45B9-982E-4DCA43FCB8E1}.Ad-Hoc|iPhone.Build.0 = Release|Any CPU
		{F03D2DD6-BBDA-45B9-982E-4DCA43FCB8E1}.Ad-Hoc|iPhoneSimulator.ActiveCfg = Release|Any CPU
		{F03D2DD6-BBDA-45B9-982E-4DCA43FCB8E1}.Ad-Hoc|iPhoneSimulator.Build.0 = Release|Any CPU
		{F03D2DD6-BBDA-45B9-982E-4DCA43FCB8E1}.AppStore|Any CPU.ActiveCfg = Release|Any CPU
		{F03D2DD6-BBDA-45B9-982E-4DCA43FCB8E1}.AppStore|Any CPU.Build.0 = Release|Any CPU
		{F03D2DD6-BBDA-45B9-982E-4DCA43FCB8E1}.AppStore|iPhone.ActiveCfg = Release|Any CPU
		{F03D2DD6-BBDA-45B9-982E-4DCA43FCB8E1}.AppStore|iPhone.Build.0 = Release|Any CPU
		{F03D2DD6-BBDA-45B9-982E-4DCA43FCB8E1}.AppStore|iPhoneSimulator.ActiveCfg = Release|Any CPU
		{F03D2DD6-BBDA-45B9-982E-4DCA43FCB8E1}.AppStore|iPhoneSimulator.Build.0 = Release|Any CPU
		{F03D2DD6-BBDA-45B9-982E-4DCA43FCB8E1}.Debug|Any CPU.ActiveCfg = Debug|Any CPU
		{F03D2DD6-BBDA-45B9-982E-4DCA43FCB8E1}.Debug|Any CPU.Build.0 = Debug|Any CPU
		{F03D2DD6-BBDA-45B9-982E-4DCA43FCB8E1}.Debug|iPhone.ActiveCfg = Debug|Any CPU
		{F03D2DD6-BBDA-45B9-982E-4DCA43FCB8E1}.Debug|iPhone.Build.0 = Debug|Any CPU
		{F03D2DD6-BBDA-45B9-982E-4DCA43FCB8E1}.Debug|iPhoneSimulator.ActiveCfg = Debug|Any CPU
		{F03D2DD6-BBDA-45B9-982E-4DCA43FCB8E1}.Debug|iPhoneSimulator.Build.0 = Debug|Any CPU
		{F03D2DD6-BBDA-45B9-982E-4DCA43FCB8E1}.Release|Any CPU.ActiveCfg = Release|Any CPU
		{F03D2DD6-BBDA-45B9-982E-4DCA43FCB8E1}.Release|Any CPU.Build.0 = Release|Any CPU
		{F03D2DD6-BBDA-45B9-982E-4DCA43FCB8E1}.Release|iPhone.ActiveCfg = Release|Any CPU
		{F03D2DD6-BBDA-45B9-982E-4DCA43FCB8E1}.Release|iPhone.Build.0 = Release|Any CPU
		{F03D2DD6-BBDA-45B9-982E-4DCA43FCB8E1}.Release|iPhoneSimulator.ActiveCfg = Release|Any CPU
		{F03D2DD6-BBDA-45B9-982E-4DCA43FCB8E1}.Release|iPhoneSimulator.Build.0 = Release|Any CPU
		{54014744-396B-4965-A996-296FCBED0FF4}.Ad-Hoc|Any CPU.ActiveCfg = Release|iPhoneSimulator
		{54014744-396B-4965-A996-296FCBED0FF4}.Ad-Hoc|Any CPU.Build.0 = Release|iPhoneSimulator
		{54014744-396B-4965-A996-296FCBED0FF4}.Ad-Hoc|iPhone.ActiveCfg = Release|iPhone
		{54014744-396B-4965-A996-296FCBED0FF4}.Ad-Hoc|iPhone.Build.0 = Release|iPhone
		{54014744-396B-4965-A996-296FCBED0FF4}.Ad-Hoc|iPhoneSimulator.ActiveCfg = Release|iPhoneSimulator
		{54014744-396B-4965-A996-296FCBED0FF4}.Ad-Hoc|iPhoneSimulator.Build.0 = Release|iPhoneSimulator
		{54014744-396B-4965-A996-296FCBED0FF4}.AppStore|Any CPU.ActiveCfg = Release|iPhoneSimulator
		{54014744-396B-4965-A996-296FCBED0FF4}.AppStore|Any CPU.Build.0 = Release|iPhoneSimulator
		{54014744-396B-4965-A996-296FCBED0FF4}.AppStore|iPhone.ActiveCfg = Release|iPhone
		{54014744-396B-4965-A996-296FCBED0FF4}.AppStore|iPhone.Build.0 = Release|iPhone
		{54014744-396B-4965-A996-296FCBED0FF4}.AppStore|iPhoneSimulator.ActiveCfg = Release|iPhoneSimulator
		{54014744-396B-4965-A996-296FCBED0FF4}.AppStore|iPhoneSimulator.Build.0 = Release|iPhoneSimulator
		{54014744-396B-4965-A996-296FCBED0FF4}.Debug|Any CPU.ActiveCfg = Debug|iPhoneSimulator
		{54014744-396B-4965-A996-296FCBED0FF4}.Debug|Any CPU.Build.0 = Debug|iPhoneSimulator
		{54014744-396B-4965-A996-296FCBED0FF4}.Debug|iPhone.ActiveCfg = Debug|iPhone
		{54014744-396B-4965-A996-296FCBED0FF4}.Debug|iPhone.Build.0 = Debug|iPhone
		{54014744-396B-4965-A996-296FCBED0FF4}.Debug|iPhoneSimulator.ActiveCfg = Debug|iPhoneSimulator
		{54014744-396B-4965-A996-296FCBED0FF4}.Debug|iPhoneSimulator.Build.0 = Debug|iPhoneSimulator
		{54014744-396B-4965-A996-296FCBED0FF4}.Release|Any CPU.ActiveCfg = Release|iPhone
		{54014744-396B-4965-A996-296FCBED0FF4}.Release|Any CPU.Build.0 = Release|iPhone
		{54014744-396B-4965-A996-296FCBED0FF4}.Release|iPhone.ActiveCfg = Release|iPhone
		{54014744-396B-4965-A996-296FCBED0FF4}.Release|iPhone.Build.0 = Release|iPhone
		{54014744-396B-4965-A996-296FCBED0FF4}.Release|iPhoneSimulator.ActiveCfg = Release|iPhoneSimulator
		{54014744-396B-4965-A996-296FCBED0FF4}.Release|iPhoneSimulator.Build.0 = Release|iPhoneSimulator
		{DFD5A4C3-584A-472D-9270-6692A95EEEE8}.Ad-Hoc|Any CPU.ActiveCfg = Release|Any CPU
		{DFD5A4C3-584A-472D-9270-6692A95EEEE8}.Ad-Hoc|Any CPU.Build.0 = Release|Any CPU
		{DFD5A4C3-584A-472D-9270-6692A95EEEE8}.Ad-Hoc|Any CPU.Deploy.0 = Release|Any CPU
		{DFD5A4C3-584A-472D-9270-6692A95EEEE8}.Ad-Hoc|iPhone.ActiveCfg = Release|Any CPU
		{DFD5A4C3-584A-472D-9270-6692A95EEEE8}.Ad-Hoc|iPhone.Build.0 = Release|Any CPU
		{DFD5A4C3-584A-472D-9270-6692A95EEEE8}.Ad-Hoc|iPhone.Deploy.0 = Release|Any CPU
		{DFD5A4C3-584A-472D-9270-6692A95EEEE8}.Ad-Hoc|iPhoneSimulator.ActiveCfg = Release|Any CPU
		{DFD5A4C3-584A-472D-9270-6692A95EEEE8}.Ad-Hoc|iPhoneSimulator.Build.0 = Release|Any CPU
		{DFD5A4C3-584A-472D-9270-6692A95EEEE8}.Ad-Hoc|iPhoneSimulator.Deploy.0 = Release|Any CPU
		{DFD5A4C3-584A-472D-9270-6692A95EEEE8}.AppStore|Any CPU.ActiveCfg = Release|Any CPU
		{DFD5A4C3-584A-472D-9270-6692A95EEEE8}.AppStore|Any CPU.Build.0 = Release|Any CPU
		{DFD5A4C3-584A-472D-9270-6692A95EEEE8}.AppStore|Any CPU.Deploy.0 = Release|Any CPU
		{DFD5A4C3-584A-472D-9270-6692A95EEEE8}.AppStore|iPhone.ActiveCfg = Release|Any CPU
		{DFD5A4C3-584A-472D-9270-6692A95EEEE8}.AppStore|iPhone.Build.0 = Release|Any CPU
		{DFD5A4C3-584A-472D-9270-6692A95EEEE8}.AppStore|iPhone.Deploy.0 = Release|Any CPU
		{DFD5A4C3-584A-472D-9270-6692A95EEEE8}.AppStore|iPhoneSimulator.ActiveCfg = Release|Any CPU
		{DFD5A4C3-584A-472D-9270-6692A95EEEE8}.AppStore|iPhoneSimulator.Build.0 = Release|Any CPU
		{DFD5A4C3-584A-472D-9270-6692A95EEEE8}.AppStore|iPhoneSimulator.Deploy.0 = Release|Any CPU
		{DFD5A4C3-584A-472D-9270-6692A95EEEE8}.Debug|Any CPU.ActiveCfg = Debug|Any CPU
		{DFD5A4C3-584A-472D-9270-6692A95EEEE8}.Debug|Any CPU.Build.0 = Debug|Any CPU
		{DFD5A4C3-584A-472D-9270-6692A95EEEE8}.Debug|iPhone.ActiveCfg = Debug|Any CPU
		{DFD5A4C3-584A-472D-9270-6692A95EEEE8}.Debug|iPhone.Build.0 = Debug|Any CPU
		{DFD5A4C3-584A-472D-9270-6692A95EEEE8}.Debug|iPhoneSimulator.ActiveCfg = Debug|Any CPU
		{DFD5A4C3-584A-472D-9270-6692A95EEEE8}.Debug|iPhoneSimulator.Build.0 = Debug|Any CPU
		{DFD5A4C3-584A-472D-9270-6692A95EEEE8}.Release|Any CPU.ActiveCfg = Release|Any CPU
		{DFD5A4C3-584A-472D-9270-6692A95EEEE8}.Release|Any CPU.Build.0 = Release|Any CPU
		{DFD5A4C3-584A-472D-9270-6692A95EEEE8}.Release|iPhone.ActiveCfg = Release|Any CPU
		{DFD5A4C3-584A-472D-9270-6692A95EEEE8}.Release|iPhone.Build.0 = Release|Any CPU
		{DFD5A4C3-584A-472D-9270-6692A95EEEE8}.Release|iPhoneSimulator.ActiveCfg = Release|Any CPU
		{DFD5A4C3-584A-472D-9270-6692A95EEEE8}.Release|iPhoneSimulator.Build.0 = Release|Any CPU
		{8F0CC2B2-88E2-459B-AC92-F3A74071707E}.Ad-Hoc|Any CPU.ActiveCfg = Release|Any CPU
		{8F0CC2B2-88E2-459B-AC92-F3A74071707E}.Ad-Hoc|Any CPU.Build.0 = Release|Any CPU
		{8F0CC2B2-88E2-459B-AC92-F3A74071707E}.Ad-Hoc|iPhone.ActiveCfg = Release|Any CPU
		{8F0CC2B2-88E2-459B-AC92-F3A74071707E}.Ad-Hoc|iPhone.Build.0 = Release|Any CPU
		{8F0CC2B2-88E2-459B-AC92-F3A74071707E}.Ad-Hoc|iPhoneSimulator.ActiveCfg = Release|Any CPU
		{8F0CC2B2-88E2-459B-AC92-F3A74071707E}.Ad-Hoc|iPhoneSimulator.Build.0 = Release|Any CPU
		{8F0CC2B2-88E2-459B-AC92-F3A74071707E}.AppStore|Any CPU.ActiveCfg = Release|Any CPU
		{8F0CC2B2-88E2-459B-AC92-F3A74071707E}.AppStore|Any CPU.Build.0 = Release|Any CPU
		{8F0CC2B2-88E2-459B-AC92-F3A74071707E}.AppStore|iPhone.ActiveCfg = Release|Any CPU
		{8F0CC2B2-88E2-459B-AC92-F3A74071707E}.AppStore|iPhone.Build.0 = Release|Any CPU
		{8F0CC2B2-88E2-459B-AC92-F3A74071707E}.AppStore|iPhoneSimulator.ActiveCfg = Release|Any CPU
		{8F0CC2B2-88E2-459B-AC92-F3A74071707E}.AppStore|iPhoneSimulator.Build.0 = Release|Any CPU
		{8F0CC2B2-88E2-459B-AC92-F3A74071707E}.Debug|Any CPU.ActiveCfg = Debug|Any CPU
		{8F0CC2B2-88E2-459B-AC92-F3A74071707E}.Debug|Any CPU.Build.0 = Debug|Any CPU
		{8F0CC2B2-88E2-459B-AC92-F3A74071707E}.Debug|iPhone.ActiveCfg = Debug|Any CPU
		{8F0CC2B2-88E2-459B-AC92-F3A74071707E}.Debug|iPhone.Build.0 = Debug|Any CPU
		{8F0CC2B2-88E2-459B-AC92-F3A74071707E}.Debug|iPhoneSimulator.ActiveCfg = Debug|Any CPU
		{8F0CC2B2-88E2-459B-AC92-F3A74071707E}.Debug|iPhoneSimulator.Build.0 = Debug|Any CPU
		{8F0CC2B2-88E2-459B-AC92-F3A74071707E}.Release|Any CPU.ActiveCfg = Release|Any CPU
		{8F0CC2B2-88E2-459B-AC92-F3A74071707E}.Release|Any CPU.Build.0 = Release|Any CPU
		{8F0CC2B2-88E2-459B-AC92-F3A74071707E}.Release|iPhone.ActiveCfg = Release|Any CPU
		{8F0CC2B2-88E2-459B-AC92-F3A74071707E}.Release|iPhone.Build.0 = Release|Any CPU
		{8F0CC2B2-88E2-459B-AC92-F3A74071707E}.Release|iPhoneSimulator.ActiveCfg = Release|Any CPU
		{8F0CC2B2-88E2-459B-AC92-F3A74071707E}.Release|iPhoneSimulator.Build.0 = Release|Any CPU
		{0AD4AF3E-7603-4279-8207-3A55E8229DFF}.Ad-Hoc|Any CPU.ActiveCfg = Ad-Hoc|iPhone
		{0AD4AF3E-7603-4279-8207-3A55E8229DFF}.Ad-Hoc|iPhone.ActiveCfg = Ad-Hoc|iPhone
		{0AD4AF3E-7603-4279-8207-3A55E8229DFF}.Ad-Hoc|iPhone.Build.0 = Ad-Hoc|iPhone
		{0AD4AF3E-7603-4279-8207-3A55E8229DFF}.Ad-Hoc|iPhoneSimulator.ActiveCfg = Ad-Hoc|iPhoneSimulator
		{0AD4AF3E-7603-4279-8207-3A55E8229DFF}.Ad-Hoc|iPhoneSimulator.Build.0 = Ad-Hoc|iPhoneSimulator
		{0AD4AF3E-7603-4279-8207-3A55E8229DFF}.AppStore|Any CPU.ActiveCfg = AppStore|iPhone
		{0AD4AF3E-7603-4279-8207-3A55E8229DFF}.AppStore|iPhone.ActiveCfg = AppStore|iPhone
		{0AD4AF3E-7603-4279-8207-3A55E8229DFF}.AppStore|iPhone.Build.0 = AppStore|iPhone
		{0AD4AF3E-7603-4279-8207-3A55E8229DFF}.AppStore|iPhoneSimulator.ActiveCfg = AppStore|iPhoneSimulator
		{0AD4AF3E-7603-4279-8207-3A55E8229DFF}.AppStore|iPhoneSimulator.Build.0 = AppStore|iPhoneSimulator
		{0AD4AF3E-7603-4279-8207-3A55E8229DFF}.Debug|Any CPU.ActiveCfg = Debug|iPhone
		{0AD4AF3E-7603-4279-8207-3A55E8229DFF}.Debug|iPhone.ActiveCfg = Debug|iPhone
		{0AD4AF3E-7603-4279-8207-3A55E8229DFF}.Debug|iPhone.Build.0 = Debug|iPhone
		{0AD4AF3E-7603-4279-8207-3A55E8229DFF}.Debug|iPhoneSimulator.ActiveCfg = Debug|iPhoneSimulator
		{0AD4AF3E-7603-4279-8207-3A55E8229DFF}.Debug|iPhoneSimulator.Build.0 = Debug|iPhoneSimulator
		{0AD4AF3E-7603-4279-8207-3A55E8229DFF}.Release|Any CPU.ActiveCfg = Release|iPhone
		{0AD4AF3E-7603-4279-8207-3A55E8229DFF}.Release|iPhone.ActiveCfg = Release|iPhone
		{0AD4AF3E-7603-4279-8207-3A55E8229DFF}.Release|iPhone.Build.0 = Release|iPhone
		{0AD4AF3E-7603-4279-8207-3A55E8229DFF}.Release|iPhoneSimulator.ActiveCfg = Release|iPhoneSimulator
		{0AD4AF3E-7603-4279-8207-3A55E8229DFF}.Release|iPhoneSimulator.Build.0 = Release|iPhoneSimulator
	EndGlobalSection
	GlobalSection(SolutionProperties) = preSolution
		HideSolutionNode = FALSE
	EndGlobalSection
	GlobalSection(NestedProjects) = preSolution
		{0AD4AF3E-7603-4279-8207-3A55E8229DFF} = {C798DE1A-5CF4-4F1F-94C3-B0BF0CA6405F}
	EndGlobalSection
EndGlobal
