Microsoft Visual Studio Solution File, Format Version 12.00
# Visual Studio 15
VisualStudioVersion = 15.0.27520.0
MinimumVisualStudioVersion = 10.0.40219.1
Project("{9A19103F-16F7-4668-BE54-9A1E7A4F7556}") = "Lottie.Forms", "Lottie.Forms\Lottie.Forms.csproj", "{F03D2DD6-BBDA-45B9-982E-4DCA43FCB8E1}"
EndProject
Project("{9A19103F-16F7-4668-BE54-9A1E7A4F7556}") = "Lottie.iOS", "Lottie.iOS\Lottie.iOS.csproj", "{8F0CC2B2-88E2-459B-AC92-F3A74071707E}"
EndProject
Project("{2150E333-8FDC-42A3-9474-1A3956D46DE8}") = "SolutionItems", "SolutionItems", "{E8F45614-179E-47E6-8D29-E292E32BA282}"
	ProjectSection(SolutionItems) = preProject
		appveyor.yml = appveyor.yml
		build.cake = build.cake
		Directory.build.props = Directory.build.props
		Directory.build.targets = Directory.build.targets
		global.json = global.json
	EndProjectSection
EndProject
Project("{9A19103F-16F7-4668-BE54-9A1E7A4F7556}") = "Lottie.Android", "Lottie.Android\Lottie.Android.csproj", "{284C8E3C-3352-41AF-8A5A-AC2CFD918737}"
EndProject
Project("{2150E333-8FDC-42A3-9474-1A3956D46DE8}") = "Samples", "Samples", "{6FFBECD5-AC8D-4B60-9D5E-C847AC0DC22A}"
	ProjectSection(SolutionItems) = preProject
		Samples\Directory.build.props = Samples\Directory.build.props
		Samples\Directory.build.targets = Samples\Directory.build.targets
	EndProjectSection
EndProject
Project("{2150E333-8FDC-42A3-9474-1A3956D46DE8}") = "Forms", "Forms", "{DD5FE1BA-D2FC-4AF7-860F-C7C8AF0C17B4}"
EndProject
Project("{2150E333-8FDC-42A3-9474-1A3956D46DE8}") = "Native", "Native", "{46FDD0BB-356C-450A-A0F7-5AF6F4B3C082}"
EndProject
Project("{9A19103F-16F7-4668-BE54-9A1E7A4F7556}") = "Example.Forms", "Samples\Forms\Example.Forms\Example.Forms.csproj", "{BA40E6BD-F568-4301-A402-3846F176D49E}"
EndProject
Project("{FAE04EC0-301F-11D3-BF4B-00C04F79EFBC}") = "Example.Forms.Droid", "Samples\Forms\Example.Forms.Droid\Example.Forms.Droid.csproj", "{7E32A11A-AA96-4DAA-9181-FCB6C36250EC}"
EndProject
Project("{FAE04EC0-301F-11D3-BF4B-00C04F79EFBC}") = "Example.Forms.iOS", "Samples\Forms\Example.Forms.iOS\Example.Forms.iOS.csproj", "{8E64CF15-8657-4540-BDE6-626E5827F221}"
EndProject
Project("{FAE04EC0-301F-11D3-BF4B-00C04F79EFBC}") = "Example.Forms.UWP", "Samples\Forms\Example.Forms.UWP\Example.Forms.UWP.csproj", "{9E58BD10-4C83-49A9-80AB-CF123576DD55}"
EndProject
Project("{FAE04EC0-301F-11D3-BF4B-00C04F79EFBC}") = "Example.Droid", "Samples\Native\Example.Droid\Example.Droid.csproj", "{4EEBA7F8-013A-4CF9-BFE6-8834E70DB656}"
EndProject
Project("{FAE04EC0-301F-11D3-BF4B-00C04F79EFBC}") = "Example.iOS", "Samples\Native\Example.iOS\Example.iOS.csproj", "{479F258B-F78C-4A5B-8351-23911CE800A2}"
EndProject
Project("{FAE04EC0-301F-11D3-BF4B-00C04F79EFBC}") = "Example.macOS", "Samples\Native\Example.macOS\Example.macOS.csproj", "{34527F69-F4D9-4775-99D9-FC59A15AEFD0}"
EndProject
Project("{FAE04EC0-301F-11D3-BF4B-00C04F79EFBC}") = "Example.tvOS", "Samples\Native\Example.tvOS\Example.tvOS.csproj", "{0A4C14BD-FD41-470F-8235-FE5A97405519}"
EndProject
Global
	GlobalSection(SolutionConfigurationPlatforms) = preSolution
		Ad-Hoc|Any CPU = Ad-Hoc|Any CPU
		Ad-Hoc|ARM = Ad-Hoc|ARM
		Ad-Hoc|iPhone = Ad-Hoc|iPhone
		Ad-Hoc|iPhoneSimulator = Ad-Hoc|iPhoneSimulator
		Ad-Hoc|x64 = Ad-Hoc|x64
		Ad-Hoc|x86 = Ad-Hoc|x86
		AppStore|Any CPU = AppStore|Any CPU
		AppStore|ARM = AppStore|ARM
		AppStore|iPhone = AppStore|iPhone
		AppStore|iPhoneSimulator = AppStore|iPhoneSimulator
		AppStore|x64 = AppStore|x64
		AppStore|x86 = AppStore|x86
		Debug|Any CPU = Debug|Any CPU
		Debug|ARM = Debug|ARM
		Debug|iPhone = Debug|iPhone
		Debug|iPhoneSimulator = Debug|iPhoneSimulator
		Debug|x64 = Debug|x64
		Debug|x86 = Debug|x86
		Release|Any CPU = Release|Any CPU
		Release|ARM = Release|ARM
		Release|iPhone = Release|iPhone
		Release|iPhoneSimulator = Release|iPhoneSimulator
		Release|x64 = Release|x64
		Release|x86 = Release|x86
	EndGlobalSection
	GlobalSection(ProjectConfigurationPlatforms) = postSolution
		{F03D2DD6-BBDA-45B9-982E-4DCA43FCB8E1}.Ad-Hoc|Any CPU.ActiveCfg = Release|Any CPU
		{F03D2DD6-BBDA-45B9-982E-4DCA43FCB8E1}.Ad-Hoc|Any CPU.Build.0 = Release|Any CPU
		{F03D2DD6-BBDA-45B9-982E-4DCA43FCB8E1}.Ad-Hoc|ARM.ActiveCfg = Debug|Any CPU
		{F03D2DD6-BBDA-45B9-982E-4DCA43FCB8E1}.Ad-Hoc|ARM.Build.0 = Debug|Any CPU
		{F03D2DD6-BBDA-45B9-982E-4DCA43FCB8E1}.Ad-Hoc|iPhone.ActiveCfg = Release|Any CPU
		{F03D2DD6-BBDA-45B9-982E-4DCA43FCB8E1}.Ad-Hoc|iPhone.Build.0 = Release|Any CPU
		{F03D2DD6-BBDA-45B9-982E-4DCA43FCB8E1}.Ad-Hoc|iPhoneSimulator.ActiveCfg = Release|Any CPU
		{F03D2DD6-BBDA-45B9-982E-4DCA43FCB8E1}.Ad-Hoc|iPhoneSimulator.Build.0 = Release|Any CPU
		{F03D2DD6-BBDA-45B9-982E-4DCA43FCB8E1}.Ad-Hoc|x64.ActiveCfg = Debug|Any CPU
		{F03D2DD6-BBDA-45B9-982E-4DCA43FCB8E1}.Ad-Hoc|x64.Build.0 = Debug|Any CPU
		{F03D2DD6-BBDA-45B9-982E-4DCA43FCB8E1}.Ad-Hoc|x86.ActiveCfg = Debug|Any CPU
		{F03D2DD6-BBDA-45B9-982E-4DCA43FCB8E1}.Ad-Hoc|x86.Build.0 = Debug|Any CPU
		{F03D2DD6-BBDA-45B9-982E-4DCA43FCB8E1}.AppStore|Any CPU.ActiveCfg = Release|Any CPU
		{F03D2DD6-BBDA-45B9-982E-4DCA43FCB8E1}.AppStore|Any CPU.Build.0 = Release|Any CPU
		{F03D2DD6-BBDA-45B9-982E-4DCA43FCB8E1}.AppStore|ARM.ActiveCfg = Debug|Any CPU
		{F03D2DD6-BBDA-45B9-982E-4DCA43FCB8E1}.AppStore|ARM.Build.0 = Debug|Any CPU
		{F03D2DD6-BBDA-45B9-982E-4DCA43FCB8E1}.AppStore|iPhone.ActiveCfg = Release|Any CPU
		{F03D2DD6-BBDA-45B9-982E-4DCA43FCB8E1}.AppStore|iPhone.Build.0 = Release|Any CPU
		{F03D2DD6-BBDA-45B9-982E-4DCA43FCB8E1}.AppStore|iPhoneSimulator.ActiveCfg = Release|Any CPU
		{F03D2DD6-BBDA-45B9-982E-4DCA43FCB8E1}.AppStore|iPhoneSimulator.Build.0 = Release|Any CPU
		{F03D2DD6-BBDA-45B9-982E-4DCA43FCB8E1}.AppStore|x64.ActiveCfg = Debug|Any CPU
		{F03D2DD6-BBDA-45B9-982E-4DCA43FCB8E1}.AppStore|x64.Build.0 = Debug|Any CPU
		{F03D2DD6-BBDA-45B9-982E-4DCA43FCB8E1}.AppStore|x86.ActiveCfg = Debug|Any CPU
		{F03D2DD6-BBDA-45B9-982E-4DCA43FCB8E1}.AppStore|x86.Build.0 = Debug|Any CPU
		{F03D2DD6-BBDA-45B9-982E-4DCA43FCB8E1}.Debug|Any CPU.ActiveCfg = Debug|Any CPU
		{F03D2DD6-BBDA-45B9-982E-4DCA43FCB8E1}.Debug|Any CPU.Build.0 = Debug|Any CPU
		{F03D2DD6-BBDA-45B9-982E-4DCA43FCB8E1}.Debug|ARM.ActiveCfg = Debug|Any CPU
		{F03D2DD6-BBDA-45B9-982E-4DCA43FCB8E1}.Debug|ARM.Build.0 = Debug|Any CPU
		{F03D2DD6-BBDA-45B9-982E-4DCA43FCB8E1}.Debug|iPhone.ActiveCfg = Debug|Any CPU
		{F03D2DD6-BBDA-45B9-982E-4DCA43FCB8E1}.Debug|iPhone.Build.0 = Debug|Any CPU
		{F03D2DD6-BBDA-45B9-982E-4DCA43FCB8E1}.Debug|iPhoneSimulator.ActiveCfg = Debug|Any CPU
		{F03D2DD6-BBDA-45B9-982E-4DCA43FCB8E1}.Debug|iPhoneSimulator.Build.0 = Debug|Any CPU
		{F03D2DD6-BBDA-45B9-982E-4DCA43FCB8E1}.Debug|x64.ActiveCfg = Debug|Any CPU
		{F03D2DD6-BBDA-45B9-982E-4DCA43FCB8E1}.Debug|x64.Build.0 = Debug|Any CPU
		{F03D2DD6-BBDA-45B9-982E-4DCA43FCB8E1}.Debug|x86.ActiveCfg = Debug|Any CPU
		{F03D2DD6-BBDA-45B9-982E-4DCA43FCB8E1}.Debug|x86.Build.0 = Debug|Any CPU
		{F03D2DD6-BBDA-45B9-982E-4DCA43FCB8E1}.Release|Any CPU.ActiveCfg = Release|Any CPU
		{F03D2DD6-BBDA-45B9-982E-4DCA43FCB8E1}.Release|Any CPU.Build.0 = Release|Any CPU
		{F03D2DD6-BBDA-45B9-982E-4DCA43FCB8E1}.Release|ARM.ActiveCfg = Release|Any CPU
		{F03D2DD6-BBDA-45B9-982E-4DCA43FCB8E1}.Release|ARM.Build.0 = Release|Any CPU
		{F03D2DD6-BBDA-45B9-982E-4DCA43FCB8E1}.Release|iPhone.ActiveCfg = Release|Any CPU
		{F03D2DD6-BBDA-45B9-982E-4DCA43FCB8E1}.Release|iPhone.Build.0 = Release|Any CPU
		{F03D2DD6-BBDA-45B9-982E-4DCA43FCB8E1}.Release|iPhoneSimulator.ActiveCfg = Release|Any CPU
		{F03D2DD6-BBDA-45B9-982E-4DCA43FCB8E1}.Release|iPhoneSimulator.Build.0 = Release|Any CPU
		{F03D2DD6-BBDA-45B9-982E-4DCA43FCB8E1}.Release|x64.ActiveCfg = Release|Any CPU
		{F03D2DD6-BBDA-45B9-982E-4DCA43FCB8E1}.Release|x64.Build.0 = Release|Any CPU
		{F03D2DD6-BBDA-45B9-982E-4DCA43FCB8E1}.Release|x86.ActiveCfg = Release|Any CPU
		{F03D2DD6-BBDA-45B9-982E-4DCA43FCB8E1}.Release|x86.Build.0 = Release|Any CPU
		{8F0CC2B2-88E2-459B-AC92-F3A74071707E}.Ad-Hoc|Any CPU.ActiveCfg = Release|Any CPU
		{8F0CC2B2-88E2-459B-AC92-F3A74071707E}.Ad-Hoc|Any CPU.Build.0 = Release|Any CPU
		{8F0CC2B2-88E2-459B-AC92-F3A74071707E}.Ad-Hoc|ARM.ActiveCfg = Debug|Any CPU
		{8F0CC2B2-88E2-459B-AC92-F3A74071707E}.Ad-Hoc|ARM.Build.0 = Debug|Any CPU
		{8F0CC2B2-88E2-459B-AC92-F3A74071707E}.Ad-Hoc|iPhone.ActiveCfg = Release|Any CPU
		{8F0CC2B2-88E2-459B-AC92-F3A74071707E}.Ad-Hoc|iPhone.Build.0 = Release|Any CPU
		{8F0CC2B2-88E2-459B-AC92-F3A74071707E}.Ad-Hoc|iPhoneSimulator.ActiveCfg = Release|Any CPU
		{8F0CC2B2-88E2-459B-AC92-F3A74071707E}.Ad-Hoc|iPhoneSimulator.Build.0 = Release|Any CPU
		{8F0CC2B2-88E2-459B-AC92-F3A74071707E}.Ad-Hoc|x64.ActiveCfg = Debug|Any CPU
		{8F0CC2B2-88E2-459B-AC92-F3A74071707E}.Ad-Hoc|x64.Build.0 = Debug|Any CPU
		{8F0CC2B2-88E2-459B-AC92-F3A74071707E}.Ad-Hoc|x86.ActiveCfg = Debug|Any CPU
		{8F0CC2B2-88E2-459B-AC92-F3A74071707E}.Ad-Hoc|x86.Build.0 = Debug|Any CPU
		{8F0CC2B2-88E2-459B-AC92-F3A74071707E}.AppStore|Any CPU.ActiveCfg = Release|Any CPU
		{8F0CC2B2-88E2-459B-AC92-F3A74071707E}.AppStore|Any CPU.Build.0 = Release|Any CPU
		{8F0CC2B2-88E2-459B-AC92-F3A74071707E}.AppStore|ARM.ActiveCfg = Debug|Any CPU
		{8F0CC2B2-88E2-459B-AC92-F3A74071707E}.AppStore|ARM.Build.0 = Debug|Any CPU
		{8F0CC2B2-88E2-459B-AC92-F3A74071707E}.AppStore|iPhone.ActiveCfg = Release|Any CPU
		{8F0CC2B2-88E2-459B-AC92-F3A74071707E}.AppStore|iPhone.Build.0 = Release|Any CPU
		{8F0CC2B2-88E2-459B-AC92-F3A74071707E}.AppStore|iPhoneSimulator.ActiveCfg = Release|Any CPU
		{8F0CC2B2-88E2-459B-AC92-F3A74071707E}.AppStore|iPhoneSimulator.Build.0 = Release|Any CPU
		{8F0CC2B2-88E2-459B-AC92-F3A74071707E}.AppStore|x64.ActiveCfg = Debug|Any CPU
		{8F0CC2B2-88E2-459B-AC92-F3A74071707E}.AppStore|x64.Build.0 = Debug|Any CPU
		{8F0CC2B2-88E2-459B-AC92-F3A74071707E}.AppStore|x86.ActiveCfg = Debug|Any CPU
		{8F0CC2B2-88E2-459B-AC92-F3A74071707E}.AppStore|x86.Build.0 = Debug|Any CPU
		{8F0CC2B2-88E2-459B-AC92-F3A74071707E}.Debug|Any CPU.ActiveCfg = Debug|Any CPU
		{8F0CC2B2-88E2-459B-AC92-F3A74071707E}.Debug|Any CPU.Build.0 = Debug|Any CPU
		{8F0CC2B2-88E2-459B-AC92-F3A74071707E}.Debug|ARM.ActiveCfg = Debug|Any CPU
		{8F0CC2B2-88E2-459B-AC92-F3A74071707E}.Debug|ARM.Build.0 = Debug|Any CPU
		{8F0CC2B2-88E2-459B-AC92-F3A74071707E}.Debug|iPhone.ActiveCfg = Debug|Any CPU
		{8F0CC2B2-88E2-459B-AC92-F3A74071707E}.Debug|iPhone.Build.0 = Debug|Any CPU
		{8F0CC2B2-88E2-459B-AC92-F3A74071707E}.Debug|iPhoneSimulator.ActiveCfg = Debug|Any CPU
		{8F0CC2B2-88E2-459B-AC92-F3A74071707E}.Debug|iPhoneSimulator.Build.0 = Debug|Any CPU
		{8F0CC2B2-88E2-459B-AC92-F3A74071707E}.Debug|x64.ActiveCfg = Debug|Any CPU
		{8F0CC2B2-88E2-459B-AC92-F3A74071707E}.Debug|x64.Build.0 = Debug|Any CPU
		{8F0CC2B2-88E2-459B-AC92-F3A74071707E}.Debug|x86.ActiveCfg = Debug|Any CPU
		{8F0CC2B2-88E2-459B-AC92-F3A74071707E}.Debug|x86.Build.0 = Debug|Any CPU
		{8F0CC2B2-88E2-459B-AC92-F3A74071707E}.Release|Any CPU.ActiveCfg = Release|Any CPU
		{8F0CC2B2-88E2-459B-AC92-F3A74071707E}.Release|Any CPU.Build.0 = Release|Any CPU
		{8F0CC2B2-88E2-459B-AC92-F3A74071707E}.Release|ARM.ActiveCfg = Release|Any CPU
		{8F0CC2B2-88E2-459B-AC92-F3A74071707E}.Release|ARM.Build.0 = Release|Any CPU
		{8F0CC2B2-88E2-459B-AC92-F3A74071707E}.Release|iPhone.ActiveCfg = Release|Any CPU
		{8F0CC2B2-88E2-459B-AC92-F3A74071707E}.Release|iPhone.Build.0 = Release|Any CPU
		{8F0CC2B2-88E2-459B-AC92-F3A74071707E}.Release|iPhoneSimulator.ActiveCfg = Release|Any CPU
		{8F0CC2B2-88E2-459B-AC92-F3A74071707E}.Release|iPhoneSimulator.Build.0 = Release|Any CPU
		{8F0CC2B2-88E2-459B-AC92-F3A74071707E}.Release|x64.ActiveCfg = Release|Any CPU
		{8F0CC2B2-88E2-459B-AC92-F3A74071707E}.Release|x64.Build.0 = Release|Any CPU
		{8F0CC2B2-88E2-459B-AC92-F3A74071707E}.Release|x86.ActiveCfg = Release|Any CPU
		{8F0CC2B2-88E2-459B-AC92-F3A74071707E}.Release|x86.Build.0 = Release|Any CPU
		{284C8E3C-3352-41AF-8A5A-AC2CFD918737}.Ad-Hoc|Any CPU.ActiveCfg = Release|Any CPU
		{284C8E3C-3352-41AF-8A5A-AC2CFD918737}.Ad-Hoc|Any CPU.Build.0 = Release|Any CPU
		{284C8E3C-3352-41AF-8A5A-AC2CFD918737}.Ad-Hoc|ARM.ActiveCfg = Release|Any CPU
		{284C8E3C-3352-41AF-8A5A-AC2CFD918737}.Ad-Hoc|ARM.Build.0 = Release|Any CPU
		{284C8E3C-3352-41AF-8A5A-AC2CFD918737}.Ad-Hoc|iPhone.ActiveCfg = Release|Any CPU
		{284C8E3C-3352-41AF-8A5A-AC2CFD918737}.Ad-Hoc|iPhone.Build.0 = Release|Any CPU
		{284C8E3C-3352-41AF-8A5A-AC2CFD918737}.Ad-Hoc|iPhoneSimulator.ActiveCfg = Release|Any CPU
		{284C8E3C-3352-41AF-8A5A-AC2CFD918737}.Ad-Hoc|iPhoneSimulator.Build.0 = Release|Any CPU
		{284C8E3C-3352-41AF-8A5A-AC2CFD918737}.Ad-Hoc|x64.ActiveCfg = Release|Any CPU
		{284C8E3C-3352-41AF-8A5A-AC2CFD918737}.Ad-Hoc|x64.Build.0 = Release|Any CPU
		{284C8E3C-3352-41AF-8A5A-AC2CFD918737}.Ad-Hoc|x86.ActiveCfg = Release|Any CPU
		{284C8E3C-3352-41AF-8A5A-AC2CFD918737}.Ad-Hoc|x86.Build.0 = Release|Any CPU
		{284C8E3C-3352-41AF-8A5A-AC2CFD918737}.AppStore|Any CPU.ActiveCfg = Release|Any CPU
		{284C8E3C-3352-41AF-8A5A-AC2CFD918737}.AppStore|Any CPU.Build.0 = Release|Any CPU
		{284C8E3C-3352-41AF-8A5A-AC2CFD918737}.AppStore|ARM.ActiveCfg = Release|Any CPU
		{284C8E3C-3352-41AF-8A5A-AC2CFD918737}.AppStore|ARM.Build.0 = Release|Any CPU
		{284C8E3C-3352-41AF-8A5A-AC2CFD918737}.AppStore|iPhone.ActiveCfg = Release|Any CPU
		{284C8E3C-3352-41AF-8A5A-AC2CFD918737}.AppStore|iPhone.Build.0 = Release|Any CPU
		{284C8E3C-3352-41AF-8A5A-AC2CFD918737}.AppStore|iPhoneSimulator.ActiveCfg = Release|Any CPU
		{284C8E3C-3352-41AF-8A5A-AC2CFD918737}.AppStore|iPhoneSimulator.Build.0 = Release|Any CPU
		{284C8E3C-3352-41AF-8A5A-AC2CFD918737}.AppStore|x64.ActiveCfg = Release|Any CPU
		{284C8E3C-3352-41AF-8A5A-AC2CFD918737}.AppStore|x64.Build.0 = Release|Any CPU
		{284C8E3C-3352-41AF-8A5A-AC2CFD918737}.AppStore|x86.ActiveCfg = Release|Any CPU
		{284C8E3C-3352-41AF-8A5A-AC2CFD918737}.AppStore|x86.Build.0 = Release|Any CPU
		{284C8E3C-3352-41AF-8A5A-AC2CFD918737}.Debug|Any CPU.ActiveCfg = Debug|Any CPU
		{284C8E3C-3352-41AF-8A5A-AC2CFD918737}.Debug|Any CPU.Build.0 = Debug|Any CPU
		{284C8E3C-3352-41AF-8A5A-AC2CFD918737}.Debug|ARM.ActiveCfg = Debug|Any CPU
		{284C8E3C-3352-41AF-8A5A-AC2CFD918737}.Debug|ARM.Build.0 = Debug|Any CPU
		{284C8E3C-3352-41AF-8A5A-AC2CFD918737}.Debug|iPhone.ActiveCfg = Debug|Any CPU
		{284C8E3C-3352-41AF-8A5A-AC2CFD918737}.Debug|iPhone.Build.0 = Debug|Any CPU
		{284C8E3C-3352-41AF-8A5A-AC2CFD918737}.Debug|iPhoneSimulator.ActiveCfg = Debug|Any CPU
		{284C8E3C-3352-41AF-8A5A-AC2CFD918737}.Debug|iPhoneSimulator.Build.0 = Debug|Any CPU
		{284C8E3C-3352-41AF-8A5A-AC2CFD918737}.Debug|x64.ActiveCfg = Debug|Any CPU
		{284C8E3C-3352-41AF-8A5A-AC2CFD918737}.Debug|x64.Build.0 = Debug|Any CPU
		{284C8E3C-3352-41AF-8A5A-AC2CFD918737}.Debug|x86.ActiveCfg = Debug|Any CPU
		{284C8E3C-3352-41AF-8A5A-AC2CFD918737}.Debug|x86.Build.0 = Debug|Any CPU
		{284C8E3C-3352-41AF-8A5A-AC2CFD918737}.Release|Any CPU.ActiveCfg = Release|Any CPU
		{284C8E3C-3352-41AF-8A5A-AC2CFD918737}.Release|Any CPU.Build.0 = Release|Any CPU
		{284C8E3C-3352-41AF-8A5A-AC2CFD918737}.Release|ARM.ActiveCfg = Release|Any CPU
		{284C8E3C-3352-41AF-8A5A-AC2CFD918737}.Release|ARM.Build.0 = Release|Any CPU
		{284C8E3C-3352-41AF-8A5A-AC2CFD918737}.Release|iPhone.ActiveCfg = Release|Any CPU
		{284C8E3C-3352-41AF-8A5A-AC2CFD918737}.Release|iPhone.Build.0 = Release|Any CPU
		{284C8E3C-3352-41AF-8A5A-AC2CFD918737}.Release|iPhoneSimulator.ActiveCfg = Release|Any CPU
		{284C8E3C-3352-41AF-8A5A-AC2CFD918737}.Release|iPhoneSimulator.Build.0 = Release|Any CPU
		{284C8E3C-3352-41AF-8A5A-AC2CFD918737}.Release|x64.ActiveCfg = Release|Any CPU
		{284C8E3C-3352-41AF-8A5A-AC2CFD918737}.Release|x64.Build.0 = Release|Any CPU
		{284C8E3C-3352-41AF-8A5A-AC2CFD918737}.Release|x86.ActiveCfg = Release|Any CPU
		{284C8E3C-3352-41AF-8A5A-AC2CFD918737}.Release|x86.Build.0 = Release|Any CPU
		{BA40E6BD-F568-4301-A402-3846F176D49E}.Ad-Hoc|Any CPU.ActiveCfg = Debug|Any CPU
		{BA40E6BD-F568-4301-A402-3846F176D49E}.Ad-Hoc|Any CPU.Build.0 = Debug|Any CPU
		{BA40E6BD-F568-4301-A402-3846F176D49E}.Ad-Hoc|ARM.ActiveCfg = Debug|Any CPU
		{BA40E6BD-F568-4301-A402-3846F176D49E}.Ad-Hoc|ARM.Build.0 = Debug|Any CPU
		{BA40E6BD-F568-4301-A402-3846F176D49E}.Ad-Hoc|iPhone.ActiveCfg = Debug|Any CPU
		{BA40E6BD-F568-4301-A402-3846F176D49E}.Ad-Hoc|iPhone.Build.0 = Debug|Any CPU
		{BA40E6BD-F568-4301-A402-3846F176D49E}.Ad-Hoc|iPhoneSimulator.ActiveCfg = Debug|Any CPU
		{BA40E6BD-F568-4301-A402-3846F176D49E}.Ad-Hoc|iPhoneSimulator.Build.0 = Debug|Any CPU
		{BA40E6BD-F568-4301-A402-3846F176D49E}.Ad-Hoc|x64.ActiveCfg = Debug|Any CPU
		{BA40E6BD-F568-4301-A402-3846F176D49E}.Ad-Hoc|x64.Build.0 = Debug|Any CPU
		{BA40E6BD-F568-4301-A402-3846F176D49E}.Ad-Hoc|x86.ActiveCfg = Debug|Any CPU
		{BA40E6BD-F568-4301-A402-3846F176D49E}.Ad-Hoc|x86.Build.0 = Debug|Any CPU
		{BA40E6BD-F568-4301-A402-3846F176D49E}.AppStore|Any CPU.ActiveCfg = Debug|Any CPU
		{BA40E6BD-F568-4301-A402-3846F176D49E}.AppStore|Any CPU.Build.0 = Debug|Any CPU
		{BA40E6BD-F568-4301-A402-3846F176D49E}.AppStore|ARM.ActiveCfg = Debug|Any CPU
		{BA40E6BD-F568-4301-A402-3846F176D49E}.AppStore|ARM.Build.0 = Debug|Any CPU
		{BA40E6BD-F568-4301-A402-3846F176D49E}.AppStore|iPhone.ActiveCfg = Debug|Any CPU
		{BA40E6BD-F568-4301-A402-3846F176D49E}.AppStore|iPhone.Build.0 = Debug|Any CPU
		{BA40E6BD-F568-4301-A402-3846F176D49E}.AppStore|iPhoneSimulator.ActiveCfg = Debug|Any CPU
		{BA40E6BD-F568-4301-A402-3846F176D49E}.AppStore|iPhoneSimulator.Build.0 = Debug|Any CPU
		{BA40E6BD-F568-4301-A402-3846F176D49E}.AppStore|x64.ActiveCfg = Debug|Any CPU
		{BA40E6BD-F568-4301-A402-3846F176D49E}.AppStore|x64.Build.0 = Debug|Any CPU
		{BA40E6BD-F568-4301-A402-3846F176D49E}.AppStore|x86.ActiveCfg = Debug|Any CPU
		{BA40E6BD-F568-4301-A402-3846F176D49E}.AppStore|x86.Build.0 = Debug|Any CPU
		{BA40E6BD-F568-4301-A402-3846F176D49E}.Debug|Any CPU.ActiveCfg = Debug|Any CPU
		{BA40E6BD-F568-4301-A402-3846F176D49E}.Debug|Any CPU.Build.0 = Debug|Any CPU
		{BA40E6BD-F568-4301-A402-3846F176D49E}.Debug|ARM.ActiveCfg = Debug|Any CPU
		{BA40E6BD-F568-4301-A402-3846F176D49E}.Debug|ARM.Build.0 = Debug|Any CPU
		{BA40E6BD-F568-4301-A402-3846F176D49E}.Debug|iPhone.ActiveCfg = Debug|Any CPU
		{BA40E6BD-F568-4301-A402-3846F176D49E}.Debug|iPhone.Build.0 = Debug|Any CPU
		{BA40E6BD-F568-4301-A402-3846F176D49E}.Debug|iPhoneSimulator.ActiveCfg = Debug|Any CPU
		{BA40E6BD-F568-4301-A402-3846F176D49E}.Debug|iPhoneSimulator.Build.0 = Debug|Any CPU
		{BA40E6BD-F568-4301-A402-3846F176D49E}.Debug|x64.ActiveCfg = Debug|Any CPU
		{BA40E6BD-F568-4301-A402-3846F176D49E}.Debug|x64.Build.0 = Debug|Any CPU
		{BA40E6BD-F568-4301-A402-3846F176D49E}.Debug|x86.ActiveCfg = Debug|Any CPU
		{BA40E6BD-F568-4301-A402-3846F176D49E}.Debug|x86.Build.0 = Debug|Any CPU
		{BA40E6BD-F568-4301-A402-3846F176D49E}.Release|Any CPU.ActiveCfg = Release|Any CPU
		{BA40E6BD-F568-4301-A402-3846F176D49E}.Release|ARM.ActiveCfg = Release|Any CPU
		{BA40E6BD-F568-4301-A402-3846F176D49E}.Release|ARM.Build.0 = Release|Any CPU
		{BA40E6BD-F568-4301-A402-3846F176D49E}.Release|iPhone.ActiveCfg = Release|Any CPU
		{BA40E6BD-F568-4301-A402-3846F176D49E}.Release|iPhone.Build.0 = Release|Any CPU
		{BA40E6BD-F568-4301-A402-3846F176D49E}.Release|iPhoneSimulator.ActiveCfg = Release|Any CPU
		{BA40E6BD-F568-4301-A402-3846F176D49E}.Release|iPhoneSimulator.Build.0 = Release|Any CPU
		{BA40E6BD-F568-4301-A402-3846F176D49E}.Release|x64.ActiveCfg = Release|Any CPU
		{BA40E6BD-F568-4301-A402-3846F176D49E}.Release|x64.Build.0 = Release|Any CPU
		{BA40E6BD-F568-4301-A402-3846F176D49E}.Release|x86.ActiveCfg = Release|Any CPU
		{BA40E6BD-F568-4301-A402-3846F176D49E}.Release|x86.Build.0 = Release|Any CPU
		{7E32A11A-AA96-4DAA-9181-FCB6C36250EC}.Ad-Hoc|Any CPU.ActiveCfg = Release|Any CPU
		{7E32A11A-AA96-4DAA-9181-FCB6C36250EC}.Ad-Hoc|Any CPU.Build.0 = Release|Any CPU
		{7E32A11A-AA96-4DAA-9181-FCB6C36250EC}.Ad-Hoc|Any CPU.Deploy.0 = Release|Any CPU
		{7E32A11A-AA96-4DAA-9181-FCB6C36250EC}.Ad-Hoc|ARM.ActiveCfg = Release|Any CPU
		{7E32A11A-AA96-4DAA-9181-FCB6C36250EC}.Ad-Hoc|ARM.Build.0 = Release|Any CPU
		{7E32A11A-AA96-4DAA-9181-FCB6C36250EC}.Ad-Hoc|ARM.Deploy.0 = Release|Any CPU
		{7E32A11A-AA96-4DAA-9181-FCB6C36250EC}.Ad-Hoc|iPhone.ActiveCfg = Release|Any CPU
		{7E32A11A-AA96-4DAA-9181-FCB6C36250EC}.Ad-Hoc|iPhone.Build.0 = Release|Any CPU
		{7E32A11A-AA96-4DAA-9181-FCB6C36250EC}.Ad-Hoc|iPhone.Deploy.0 = Release|Any CPU
		{7E32A11A-AA96-4DAA-9181-FCB6C36250EC}.Ad-Hoc|iPhoneSimulator.ActiveCfg = Release|Any CPU
		{7E32A11A-AA96-4DAA-9181-FCB6C36250EC}.Ad-Hoc|iPhoneSimulator.Build.0 = Release|Any CPU
		{7E32A11A-AA96-4DAA-9181-FCB6C36250EC}.Ad-Hoc|iPhoneSimulator.Deploy.0 = Release|Any CPU
		{7E32A11A-AA96-4DAA-9181-FCB6C36250EC}.Ad-Hoc|x64.ActiveCfg = Release|Any CPU
		{7E32A11A-AA96-4DAA-9181-FCB6C36250EC}.Ad-Hoc|x64.Build.0 = Release|Any CPU
		{7E32A11A-AA96-4DAA-9181-FCB6C36250EC}.Ad-Hoc|x64.Deploy.0 = Release|Any CPU
		{7E32A11A-AA96-4DAA-9181-FCB6C36250EC}.Ad-Hoc|x86.ActiveCfg = Release|Any CPU
		{7E32A11A-AA96-4DAA-9181-FCB6C36250EC}.Ad-Hoc|x86.Build.0 = Release|Any CPU
		{7E32A11A-AA96-4DAA-9181-FCB6C36250EC}.Ad-Hoc|x86.Deploy.0 = Release|Any CPU
		{7E32A11A-AA96-4DAA-9181-FCB6C36250EC}.AppStore|Any CPU.ActiveCfg = Release|Any CPU
		{7E32A11A-AA96-4DAA-9181-FCB6C36250EC}.AppStore|Any CPU.Build.0 = Release|Any CPU
		{7E32A11A-AA96-4DAA-9181-FCB6C36250EC}.AppStore|Any CPU.Deploy.0 = Release|Any CPU
		{7E32A11A-AA96-4DAA-9181-FCB6C36250EC}.AppStore|ARM.ActiveCfg = Release|Any CPU
		{7E32A11A-AA96-4DAA-9181-FCB6C36250EC}.AppStore|ARM.Build.0 = Release|Any CPU
		{7E32A11A-AA96-4DAA-9181-FCB6C36250EC}.AppStore|ARM.Deploy.0 = Release|Any CPU
		{7E32A11A-AA96-4DAA-9181-FCB6C36250EC}.AppStore|iPhone.ActiveCfg = Release|Any CPU
		{7E32A11A-AA96-4DAA-9181-FCB6C36250EC}.AppStore|iPhone.Build.0 = Release|Any CPU
		{7E32A11A-AA96-4DAA-9181-FCB6C36250EC}.AppStore|iPhone.Deploy.0 = Release|Any CPU
		{7E32A11A-AA96-4DAA-9181-FCB6C36250EC}.AppStore|iPhoneSimulator.ActiveCfg = Release|Any CPU
		{7E32A11A-AA96-4DAA-9181-FCB6C36250EC}.AppStore|iPhoneSimulator.Build.0 = Release|Any CPU
		{7E32A11A-AA96-4DAA-9181-FCB6C36250EC}.AppStore|iPhoneSimulator.Deploy.0 = Release|Any CPU
		{7E32A11A-AA96-4DAA-9181-FCB6C36250EC}.AppStore|x64.ActiveCfg = Release|Any CPU
		{7E32A11A-AA96-4DAA-9181-FCB6C36250EC}.AppStore|x64.Build.0 = Release|Any CPU
		{7E32A11A-AA96-4DAA-9181-FCB6C36250EC}.AppStore|x64.Deploy.0 = Release|Any CPU
		{7E32A11A-AA96-4DAA-9181-FCB6C36250EC}.AppStore|x86.ActiveCfg = Release|Any CPU
		{7E32A11A-AA96-4DAA-9181-FCB6C36250EC}.AppStore|x86.Build.0 = Release|Any CPU
		{7E32A11A-AA96-4DAA-9181-FCB6C36250EC}.AppStore|x86.Deploy.0 = Release|Any CPU
		{7E32A11A-AA96-4DAA-9181-FCB6C36250EC}.Debug|Any CPU.ActiveCfg = Debug|Any CPU
		{7E32A11A-AA96-4DAA-9181-FCB6C36250EC}.Debug|Any CPU.Build.0 = Debug|Any CPU
		{7E32A11A-AA96-4DAA-9181-FCB6C36250EC}.Debug|Any CPU.Deploy.0 = Debug|Any CPU
		{7E32A11A-AA96-4DAA-9181-FCB6C36250EC}.Debug|ARM.ActiveCfg = Debug|Any CPU
		{7E32A11A-AA96-4DAA-9181-FCB6C36250EC}.Debug|ARM.Build.0 = Debug|Any CPU
		{7E32A11A-AA96-4DAA-9181-FCB6C36250EC}.Debug|ARM.Deploy.0 = Debug|Any CPU
		{7E32A11A-AA96-4DAA-9181-FCB6C36250EC}.Debug|iPhone.ActiveCfg = Debug|Any CPU
		{7E32A11A-AA96-4DAA-9181-FCB6C36250EC}.Debug|iPhone.Build.0 = Debug|Any CPU
		{7E32A11A-AA96-4DAA-9181-FCB6C36250EC}.Debug|iPhone.Deploy.0 = Debug|Any CPU
		{7E32A11A-AA96-4DAA-9181-FCB6C36250EC}.Debug|iPhoneSimulator.ActiveCfg = Debug|Any CPU
		{7E32A11A-AA96-4DAA-9181-FCB6C36250EC}.Debug|iPhoneSimulator.Build.0 = Debug|Any CPU
		{7E32A11A-AA96-4DAA-9181-FCB6C36250EC}.Debug|iPhoneSimulator.Deploy.0 = Debug|Any CPU
		{7E32A11A-AA96-4DAA-9181-FCB6C36250EC}.Debug|x64.ActiveCfg = Debug|Any CPU
		{7E32A11A-AA96-4DAA-9181-FCB6C36250EC}.Debug|x64.Build.0 = Debug|Any CPU
		{7E32A11A-AA96-4DAA-9181-FCB6C36250EC}.Debug|x64.Deploy.0 = Debug|Any CPU
		{7E32A11A-AA96-4DAA-9181-FCB6C36250EC}.Debug|x86.ActiveCfg = Debug|Any CPU
		{7E32A11A-AA96-4DAA-9181-FCB6C36250EC}.Debug|x86.Build.0 = Debug|Any CPU
		{7E32A11A-AA96-4DAA-9181-FCB6C36250EC}.Debug|x86.Deploy.0 = Debug|Any CPU
		{7E32A11A-AA96-4DAA-9181-FCB6C36250EC}.Release|Any CPU.ActiveCfg = Release|Any CPU
		{7E32A11A-AA96-4DAA-9181-FCB6C36250EC}.Release|ARM.ActiveCfg = Release|Any CPU
		{7E32A11A-AA96-4DAA-9181-FCB6C36250EC}.Release|ARM.Build.0 = Release|Any CPU
		{7E32A11A-AA96-4DAA-9181-FCB6C36250EC}.Release|ARM.Deploy.0 = Release|Any CPU
		{7E32A11A-AA96-4DAA-9181-FCB6C36250EC}.Release|iPhone.ActiveCfg = Release|Any CPU
		{7E32A11A-AA96-4DAA-9181-FCB6C36250EC}.Release|iPhone.Build.0 = Release|Any CPU
		{7E32A11A-AA96-4DAA-9181-FCB6C36250EC}.Release|iPhone.Deploy.0 = Release|Any CPU
		{7E32A11A-AA96-4DAA-9181-FCB6C36250EC}.Release|iPhoneSimulator.ActiveCfg = Release|Any CPU
		{7E32A11A-AA96-4DAA-9181-FCB6C36250EC}.Release|iPhoneSimulator.Build.0 = Release|Any CPU
		{7E32A11A-AA96-4DAA-9181-FCB6C36250EC}.Release|iPhoneSimulator.Deploy.0 = Release|Any CPU
		{7E32A11A-AA96-4DAA-9181-FCB6C36250EC}.Release|x64.ActiveCfg = Release|Any CPU
		{7E32A11A-AA96-4DAA-9181-FCB6C36250EC}.Release|x64.Build.0 = Release|Any CPU
		{7E32A11A-AA96-4DAA-9181-FCB6C36250EC}.Release|x64.Deploy.0 = Release|Any CPU
		{7E32A11A-AA96-4DAA-9181-FCB6C36250EC}.Release|x86.ActiveCfg = Release|Any CPU
		{7E32A11A-AA96-4DAA-9181-FCB6C36250EC}.Release|x86.Build.0 = Release|Any CPU
		{7E32A11A-AA96-4DAA-9181-FCB6C36250EC}.Release|x86.Deploy.0 = Release|Any CPU
		{8E64CF15-8657-4540-BDE6-626E5827F221}.Ad-Hoc|Any CPU.ActiveCfg = Ad-Hoc|iPhone
		{8E64CF15-8657-4540-BDE6-626E5827F221}.Ad-Hoc|ARM.ActiveCfg = Ad-Hoc|iPhone
		{8E64CF15-8657-4540-BDE6-626E5827F221}.Ad-Hoc|iPhone.ActiveCfg = Ad-Hoc|iPhone
		{8E64CF15-8657-4540-BDE6-626E5827F221}.Ad-Hoc|iPhone.Build.0 = Ad-Hoc|iPhone
		{8E64CF15-8657-4540-BDE6-626E5827F221}.Ad-Hoc|iPhoneSimulator.ActiveCfg = Ad-Hoc|iPhoneSimulator
		{8E64CF15-8657-4540-BDE6-626E5827F221}.Ad-Hoc|iPhoneSimulator.Build.0 = Ad-Hoc|iPhoneSimulator
		{8E64CF15-8657-4540-BDE6-626E5827F221}.Ad-Hoc|x64.ActiveCfg = Ad-Hoc|iPhone
		{8E64CF15-8657-4540-BDE6-626E5827F221}.Ad-Hoc|x86.ActiveCfg = Ad-Hoc|iPhone
		{8E64CF15-8657-4540-BDE6-626E5827F221}.AppStore|Any CPU.ActiveCfg = AppStore|iPhone
		{8E64CF15-8657-4540-BDE6-626E5827F221}.AppStore|ARM.ActiveCfg = AppStore|iPhone
		{8E64CF15-8657-4540-BDE6-626E5827F221}.AppStore|iPhone.ActiveCfg = AppStore|iPhone
		{8E64CF15-8657-4540-BDE6-626E5827F221}.AppStore|iPhone.Build.0 = AppStore|iPhone
		{8E64CF15-8657-4540-BDE6-626E5827F221}.AppStore|iPhoneSimulator.ActiveCfg = AppStore|iPhoneSimulator
		{8E64CF15-8657-4540-BDE6-626E5827F221}.AppStore|iPhoneSimulator.Build.0 = AppStore|iPhoneSimulator
		{8E64CF15-8657-4540-BDE6-626E5827F221}.AppStore|x64.ActiveCfg = AppStore|iPhone
		{8E64CF15-8657-4540-BDE6-626E5827F221}.AppStore|x86.ActiveCfg = AppStore|iPhone
		{8E64CF15-8657-4540-BDE6-626E5827F221}.Debug|Any CPU.ActiveCfg = Debug|iPhone
		{8E64CF15-8657-4540-BDE6-626E5827F221}.Debug|Any CPU.Build.0 = Debug|iPhone
		{8E64CF15-8657-4540-BDE6-626E5827F221}.Debug|ARM.ActiveCfg = Debug|iPhone
		{8E64CF15-8657-4540-BDE6-626E5827F221}.Debug|iPhone.ActiveCfg = Debug|iPhone
		{8E64CF15-8657-4540-BDE6-626E5827F221}.Debug|iPhone.Build.0 = Debug|iPhone
		{8E64CF15-8657-4540-BDE6-626E5827F221}.Debug|iPhoneSimulator.ActiveCfg = Debug|iPhoneSimulator
		{8E64CF15-8657-4540-BDE6-626E5827F221}.Debug|iPhoneSimulator.Build.0 = Debug|iPhoneSimulator
		{8E64CF15-8657-4540-BDE6-626E5827F221}.Debug|x64.ActiveCfg = Debug|iPhone
		{8E64CF15-8657-4540-BDE6-626E5827F221}.Debug|x86.ActiveCfg = Debug|iPhone
		{8E64CF15-8657-4540-BDE6-626E5827F221}.Release|Any CPU.ActiveCfg = Release|iPhone
		{8E64CF15-8657-4540-BDE6-626E5827F221}.Release|ARM.ActiveCfg = Release|iPhone
		{8E64CF15-8657-4540-BDE6-626E5827F221}.Release|iPhone.ActiveCfg = Release|iPhone
		{8E64CF15-8657-4540-BDE6-626E5827F221}.Release|iPhone.Build.0 = Release|iPhone
		{8E64CF15-8657-4540-BDE6-626E5827F221}.Release|iPhoneSimulator.ActiveCfg = Release|iPhoneSimulator
		{8E64CF15-8657-4540-BDE6-626E5827F221}.Release|iPhoneSimulator.Build.0 = Release|iPhoneSimulator
		{8E64CF15-8657-4540-BDE6-626E5827F221}.Release|x64.ActiveCfg = Release|iPhone
		{8E64CF15-8657-4540-BDE6-626E5827F221}.Release|x86.ActiveCfg = Release|iPhone
		{9E58BD10-4C83-49A9-80AB-CF123576DD55}.Ad-Hoc|Any CPU.ActiveCfg = Debug|x64
		{9E58BD10-4C83-49A9-80AB-CF123576DD55}.Ad-Hoc|Any CPU.Build.0 = Debug|x64
		{9E58BD10-4C83-49A9-80AB-CF123576DD55}.Ad-Hoc|Any CPU.Deploy.0 = Debug|x64
		{9E58BD10-4C83-49A9-80AB-CF123576DD55}.Ad-Hoc|ARM.ActiveCfg = Debug|ARM
		{9E58BD10-4C83-49A9-80AB-CF123576DD55}.Ad-Hoc|ARM.Build.0 = Debug|ARM
		{9E58BD10-4C83-49A9-80AB-CF123576DD55}.Ad-Hoc|ARM.Deploy.0 = Debug|ARM
		{9E58BD10-4C83-49A9-80AB-CF123576DD55}.Ad-Hoc|iPhone.ActiveCfg = Debug|x64
		{9E58BD10-4C83-49A9-80AB-CF123576DD55}.Ad-Hoc|iPhone.Build.0 = Debug|x64
		{9E58BD10-4C83-49A9-80AB-CF123576DD55}.Ad-Hoc|iPhone.Deploy.0 = Debug|x64
		{9E58BD10-4C83-49A9-80AB-CF123576DD55}.Ad-Hoc|iPhoneSimulator.ActiveCfg = Debug|x64
		{9E58BD10-4C83-49A9-80AB-CF123576DD55}.Ad-Hoc|iPhoneSimulator.Build.0 = Debug|x64
		{9E58BD10-4C83-49A9-80AB-CF123576DD55}.Ad-Hoc|iPhoneSimulator.Deploy.0 = Debug|x64
		{9E58BD10-4C83-49A9-80AB-CF123576DD55}.Ad-Hoc|x64.ActiveCfg = Debug|x64
		{9E58BD10-4C83-49A9-80AB-CF123576DD55}.Ad-Hoc|x64.Build.0 = Debug|x64
		{9E58BD10-4C83-49A9-80AB-CF123576DD55}.Ad-Hoc|x64.Deploy.0 = Debug|x64
		{9E58BD10-4C83-49A9-80AB-CF123576DD55}.Ad-Hoc|x86.ActiveCfg = Debug|x86
		{9E58BD10-4C83-49A9-80AB-CF123576DD55}.Ad-Hoc|x86.Build.0 = Debug|x86
		{9E58BD10-4C83-49A9-80AB-CF123576DD55}.Ad-Hoc|x86.Deploy.0 = Debug|x86
		{9E58BD10-4C83-49A9-80AB-CF123576DD55}.AppStore|Any CPU.ActiveCfg = Debug|x64
		{9E58BD10-4C83-49A9-80AB-CF123576DD55}.AppStore|Any CPU.Build.0 = Debug|x64
		{9E58BD10-4C83-49A9-80AB-CF123576DD55}.AppStore|Any CPU.Deploy.0 = Debug|x64
		{9E58BD10-4C83-49A9-80AB-CF123576DD55}.AppStore|ARM.ActiveCfg = Debug|ARM
		{9E58BD10-4C83-49A9-80AB-CF123576DD55}.AppStore|ARM.Build.0 = Debug|ARM
		{9E58BD10-4C83-49A9-80AB-CF123576DD55}.AppStore|ARM.Deploy.0 = Debug|ARM
		{9E58BD10-4C83-49A9-80AB-CF123576DD55}.AppStore|iPhone.ActiveCfg = Debug|x64
		{9E58BD10-4C83-49A9-80AB-CF123576DD55}.AppStore|iPhone.Build.0 = Debug|x64
		{9E58BD10-4C83-49A9-80AB-CF123576DD55}.AppStore|iPhone.Deploy.0 = Debug|x64
		{9E58BD10-4C83-49A9-80AB-CF123576DD55}.AppStore|iPhoneSimulator.ActiveCfg = Debug|x64
		{9E58BD10-4C83-49A9-80AB-CF123576DD55}.AppStore|iPhoneSimulator.Build.0 = Debug|x64
		{9E58BD10-4C83-49A9-80AB-CF123576DD55}.AppStore|iPhoneSimulator.Deploy.0 = Debug|x64
		{9E58BD10-4C83-49A9-80AB-CF123576DD55}.AppStore|x64.ActiveCfg = Debug|x64
		{9E58BD10-4C83-49A9-80AB-CF123576DD55}.AppStore|x64.Build.0 = Debug|x64
		{9E58BD10-4C83-49A9-80AB-CF123576DD55}.AppStore|x64.Deploy.0 = Debug|x64
		{9E58BD10-4C83-49A9-80AB-CF123576DD55}.AppStore|x86.ActiveCfg = Debug|x86
		{9E58BD10-4C83-49A9-80AB-CF123576DD55}.AppStore|x86.Build.0 = Debug|x86
		{9E58BD10-4C83-49A9-80AB-CF123576DD55}.AppStore|x86.Deploy.0 = Debug|x86
		{9E58BD10-4C83-49A9-80AB-CF123576DD55}.Debug|Any CPU.ActiveCfg = Debug|x86
		{9E58BD10-4C83-49A9-80AB-CF123576DD55}.Debug|Any CPU.Build.0 = Debug|x86
		{9E58BD10-4C83-49A9-80AB-CF123576DD55}.Debug|Any CPU.Deploy.0 = Debug|x86
		{9E58BD10-4C83-49A9-80AB-CF123576DD55}.Debug|ARM.ActiveCfg = Debug|ARM
		{9E58BD10-4C83-49A9-80AB-CF123576DD55}.Debug|ARM.Build.0 = Debug|ARM
		{9E58BD10-4C83-49A9-80AB-CF123576DD55}.Debug|ARM.Deploy.0 = Debug|ARM
		{9E58BD10-4C83-49A9-80AB-CF123576DD55}.Debug|iPhone.ActiveCfg = Debug|x86
		{9E58BD10-4C83-49A9-80AB-CF123576DD55}.Debug|iPhoneSimulator.ActiveCfg = Debug|x86
		{9E58BD10-4C83-49A9-80AB-CF123576DD55}.Debug|x64.ActiveCfg = Debug|x64
		{9E58BD10-4C83-49A9-80AB-CF123576DD55}.Debug|x64.Build.0 = Debug|x64
		{9E58BD10-4C83-49A9-80AB-CF123576DD55}.Debug|x64.Deploy.0 = Debug|x64
		{9E58BD10-4C83-49A9-80AB-CF123576DD55}.Debug|x86.ActiveCfg = Debug|x86
		{9E58BD10-4C83-49A9-80AB-CF123576DD55}.Debug|x86.Build.0 = Debug|x86
		{9E58BD10-4C83-49A9-80AB-CF123576DD55}.Debug|x86.Deploy.0 = Debug|x86
		{9E58BD10-4C83-49A9-80AB-CF123576DD55}.Release|Any CPU.ActiveCfg = Release|x86
		{9E58BD10-4C83-49A9-80AB-CF123576DD55}.Release|ARM.ActiveCfg = Release|ARM
		{9E58BD10-4C83-49A9-80AB-CF123576DD55}.Release|ARM.Build.0 = Release|ARM
		{9E58BD10-4C83-49A9-80AB-CF123576DD55}.Release|ARM.Deploy.0 = Release|ARM
		{9E58BD10-4C83-49A9-80AB-CF123576DD55}.Release|iPhone.ActiveCfg = Release|x86
		{9E58BD10-4C83-49A9-80AB-CF123576DD55}.Release|iPhoneSimulator.ActiveCfg = Release|x86
		{9E58BD10-4C83-49A9-80AB-CF123576DD55}.Release|x64.ActiveCfg = Release|x64
		{9E58BD10-4C83-49A9-80AB-CF123576DD55}.Release|x64.Build.0 = Release|x64
		{9E58BD10-4C83-49A9-80AB-CF123576DD55}.Release|x64.Deploy.0 = Release|x64
		{9E58BD10-4C83-49A9-80AB-CF123576DD55}.Release|x86.ActiveCfg = Release|x86
		{9E58BD10-4C83-49A9-80AB-CF123576DD55}.Release|x86.Build.0 = Release|x86
		{9E58BD10-4C83-49A9-80AB-CF123576DD55}.Release|x86.Deploy.0 = Release|x86
		{4EEBA7F8-013A-4CF9-BFE6-8834E70DB656}.Ad-Hoc|Any CPU.ActiveCfg = Release|Any CPU
		{4EEBA7F8-013A-4CF9-BFE6-8834E70DB656}.Ad-Hoc|Any CPU.Build.0 = Release|Any CPU
		{4EEBA7F8-013A-4CF9-BFE6-8834E70DB656}.Ad-Hoc|Any CPU.Deploy.0 = Release|Any CPU
		{4EEBA7F8-013A-4CF9-BFE6-8834E70DB656}.Ad-Hoc|ARM.ActiveCfg = Release|Any CPU
		{4EEBA7F8-013A-4CF9-BFE6-8834E70DB656}.Ad-Hoc|ARM.Build.0 = Release|Any CPU
		{4EEBA7F8-013A-4CF9-BFE6-8834E70DB656}.Ad-Hoc|ARM.Deploy.0 = Release|Any CPU
		{4EEBA7F8-013A-4CF9-BFE6-8834E70DB656}.Ad-Hoc|iPhone.ActiveCfg = Release|Any CPU
		{4EEBA7F8-013A-4CF9-BFE6-8834E70DB656}.Ad-Hoc|iPhone.Build.0 = Release|Any CPU
		{4EEBA7F8-013A-4CF9-BFE6-8834E70DB656}.Ad-Hoc|iPhone.Deploy.0 = Release|Any CPU
		{4EEBA7F8-013A-4CF9-BFE6-8834E70DB656}.Ad-Hoc|iPhoneSimulator.ActiveCfg = Release|Any CPU
		{4EEBA7F8-013A-4CF9-BFE6-8834E70DB656}.Ad-Hoc|iPhoneSimulator.Build.0 = Release|Any CPU
		{4EEBA7F8-013A-4CF9-BFE6-8834E70DB656}.Ad-Hoc|iPhoneSimulator.Deploy.0 = Release|Any CPU
		{4EEBA7F8-013A-4CF9-BFE6-8834E70DB656}.Ad-Hoc|x64.ActiveCfg = Release|Any CPU
		{4EEBA7F8-013A-4CF9-BFE6-8834E70DB656}.Ad-Hoc|x64.Build.0 = Release|Any CPU
		{4EEBA7F8-013A-4CF9-BFE6-8834E70DB656}.Ad-Hoc|x64.Deploy.0 = Release|Any CPU
		{4EEBA7F8-013A-4CF9-BFE6-8834E70DB656}.Ad-Hoc|x86.ActiveCfg = Release|Any CPU
		{4EEBA7F8-013A-4CF9-BFE6-8834E70DB656}.Ad-Hoc|x86.Build.0 = Release|Any CPU
		{4EEBA7F8-013A-4CF9-BFE6-8834E70DB656}.Ad-Hoc|x86.Deploy.0 = Release|Any CPU
		{4EEBA7F8-013A-4CF9-BFE6-8834E70DB656}.AppStore|Any CPU.ActiveCfg = Release|Any CPU
		{4EEBA7F8-013A-4CF9-BFE6-8834E70DB656}.AppStore|Any CPU.Build.0 = Release|Any CPU
		{4EEBA7F8-013A-4CF9-BFE6-8834E70DB656}.AppStore|Any CPU.Deploy.0 = Release|Any CPU
		{4EEBA7F8-013A-4CF9-BFE6-8834E70DB656}.AppStore|ARM.ActiveCfg = Release|Any CPU
		{4EEBA7F8-013A-4CF9-BFE6-8834E70DB656}.AppStore|ARM.Build.0 = Release|Any CPU
		{4EEBA7F8-013A-4CF9-BFE6-8834E70DB656}.AppStore|ARM.Deploy.0 = Release|Any CPU
		{4EEBA7F8-013A-4CF9-BFE6-8834E70DB656}.AppStore|iPhone.ActiveCfg = Release|Any CPU
		{4EEBA7F8-013A-4CF9-BFE6-8834E70DB656}.AppStore|iPhone.Build.0 = Release|Any CPU
		{4EEBA7F8-013A-4CF9-BFE6-8834E70DB656}.AppStore|iPhone.Deploy.0 = Release|Any CPU
		{4EEBA7F8-013A-4CF9-BFE6-8834E70DB656}.AppStore|iPhoneSimulator.ActiveCfg = Release|Any CPU
		{4EEBA7F8-013A-4CF9-BFE6-8834E70DB656}.AppStore|iPhoneSimulator.Build.0 = Release|Any CPU
		{4EEBA7F8-013A-4CF9-BFE6-8834E70DB656}.AppStore|iPhoneSimulator.Deploy.0 = Release|Any CPU
		{4EEBA7F8-013A-4CF9-BFE6-8834E70DB656}.AppStore|x64.ActiveCfg = Release|Any CPU
		{4EEBA7F8-013A-4CF9-BFE6-8834E70DB656}.AppStore|x64.Build.0 = Release|Any CPU
		{4EEBA7F8-013A-4CF9-BFE6-8834E70DB656}.AppStore|x64.Deploy.0 = Release|Any CPU
		{4EEBA7F8-013A-4CF9-BFE6-8834E70DB656}.AppStore|x86.ActiveCfg = Release|Any CPU
		{4EEBA7F8-013A-4CF9-BFE6-8834E70DB656}.AppStore|x86.Build.0 = Release|Any CPU
		{4EEBA7F8-013A-4CF9-BFE6-8834E70DB656}.AppStore|x86.Deploy.0 = Release|Any CPU
		{4EEBA7F8-013A-4CF9-BFE6-8834E70DB656}.Debug|Any CPU.ActiveCfg = Debug|Any CPU
		{4EEBA7F8-013A-4CF9-BFE6-8834E70DB656}.Debug|Any CPU.Build.0 = Debug|Any CPU
		{4EEBA7F8-013A-4CF9-BFE6-8834E70DB656}.Debug|Any CPU.Deploy.0 = Debug|Any CPU
		{4EEBA7F8-013A-4CF9-BFE6-8834E70DB656}.Debug|ARM.ActiveCfg = Debug|Any CPU
		{4EEBA7F8-013A-4CF9-BFE6-8834E70DB656}.Debug|ARM.Build.0 = Debug|Any CPU
		{4EEBA7F8-013A-4CF9-BFE6-8834E70DB656}.Debug|ARM.Deploy.0 = Debug|Any CPU
		{4EEBA7F8-013A-4CF9-BFE6-8834E70DB656}.Debug|iPhone.ActiveCfg = Debug|Any CPU
		{4EEBA7F8-013A-4CF9-BFE6-8834E70DB656}.Debug|iPhone.Build.0 = Debug|Any CPU
		{4EEBA7F8-013A-4CF9-BFE6-8834E70DB656}.Debug|iPhone.Deploy.0 = Debug|Any CPU
		{4EEBA7F8-013A-4CF9-BFE6-8834E70DB656}.Debug|iPhoneSimulator.ActiveCfg = Debug|Any CPU
		{4EEBA7F8-013A-4CF9-BFE6-8834E70DB656}.Debug|iPhoneSimulator.Build.0 = Debug|Any CPU
		{4EEBA7F8-013A-4CF9-BFE6-8834E70DB656}.Debug|iPhoneSimulator.Deploy.0 = Debug|Any CPU
		{4EEBA7F8-013A-4CF9-BFE6-8834E70DB656}.Debug|x64.ActiveCfg = Debug|Any CPU
		{4EEBA7F8-013A-4CF9-BFE6-8834E70DB656}.Debug|x64.Build.0 = Debug|Any CPU
		{4EEBA7F8-013A-4CF9-BFE6-8834E70DB656}.Debug|x64.Deploy.0 = Debug|Any CPU
		{4EEBA7F8-013A-4CF9-BFE6-8834E70DB656}.Debug|x86.ActiveCfg = Debug|Any CPU
		{4EEBA7F8-013A-4CF9-BFE6-8834E70DB656}.Debug|x86.Build.0 = Debug|Any CPU
		{4EEBA7F8-013A-4CF9-BFE6-8834E70DB656}.Debug|x86.Deploy.0 = Debug|Any CPU
		{4EEBA7F8-013A-4CF9-BFE6-8834E70DB656}.Release|Any CPU.ActiveCfg = Release|Any CPU
		{4EEBA7F8-013A-4CF9-BFE6-8834E70DB656}.Release|ARM.ActiveCfg = Release|Any CPU
		{4EEBA7F8-013A-4CF9-BFE6-8834E70DB656}.Release|ARM.Build.0 = Release|Any CPU
		{4EEBA7F8-013A-4CF9-BFE6-8834E70DB656}.Release|ARM.Deploy.0 = Release|Any CPU
		{4EEBA7F8-013A-4CF9-BFE6-8834E70DB656}.Release|iPhone.ActiveCfg = Release|Any CPU
		{4EEBA7F8-013A-4CF9-BFE6-8834E70DB656}.Release|iPhone.Build.0 = Release|Any CPU
		{4EEBA7F8-013A-4CF9-BFE6-8834E70DB656}.Release|iPhone.Deploy.0 = Release|Any CPU
		{4EEBA7F8-013A-4CF9-BFE6-8834E70DB656}.Release|iPhoneSimulator.ActiveCfg = Release|Any CPU
		{4EEBA7F8-013A-4CF9-BFE6-8834E70DB656}.Release|iPhoneSimulator.Build.0 = Release|Any CPU
		{4EEBA7F8-013A-4CF9-BFE6-8834E70DB656}.Release|iPhoneSimulator.Deploy.0 = Release|Any CPU
		{4EEBA7F8-013A-4CF9-BFE6-8834E70DB656}.Release|x64.ActiveCfg = Release|Any CPU
		{4EEBA7F8-013A-4CF9-BFE6-8834E70DB656}.Release|x64.Build.0 = Release|Any CPU
		{4EEBA7F8-013A-4CF9-BFE6-8834E70DB656}.Release|x64.Deploy.0 = Release|Any CPU
		{4EEBA7F8-013A-4CF9-BFE6-8834E70DB656}.Release|x86.ActiveCfg = Release|Any CPU
		{4EEBA7F8-013A-4CF9-BFE6-8834E70DB656}.Release|x86.Build.0 = Release|Any CPU
		{4EEBA7F8-013A-4CF9-BFE6-8834E70DB656}.Release|x86.Deploy.0 = Release|Any CPU
		{479F258B-F78C-4A5B-8351-23911CE800A2}.Ad-Hoc|Any CPU.ActiveCfg = Release|iPhone
		{479F258B-F78C-4A5B-8351-23911CE800A2}.Ad-Hoc|Any CPU.Build.0 = Release|iPhone
		{479F258B-F78C-4A5B-8351-23911CE800A2}.Ad-Hoc|ARM.ActiveCfg = Release|iPhone
		{479F258B-F78C-4A5B-8351-23911CE800A2}.Ad-Hoc|ARM.Build.0 = Release|iPhone
		{479F258B-F78C-4A5B-8351-23911CE800A2}.Ad-Hoc|iPhone.ActiveCfg = Release|iPhone
		{479F258B-F78C-4A5B-8351-23911CE800A2}.Ad-Hoc|iPhone.Build.0 = Release|iPhone
		{479F258B-F78C-4A5B-8351-23911CE800A2}.Ad-Hoc|iPhoneSimulator.ActiveCfg = Release|iPhoneSimulator
		{479F258B-F78C-4A5B-8351-23911CE800A2}.Ad-Hoc|iPhoneSimulator.Build.0 = Release|iPhoneSimulator
		{479F258B-F78C-4A5B-8351-23911CE800A2}.Ad-Hoc|x64.ActiveCfg = Release|iPhone
		{479F258B-F78C-4A5B-8351-23911CE800A2}.Ad-Hoc|x64.Build.0 = Release|iPhone
		{479F258B-F78C-4A5B-8351-23911CE800A2}.Ad-Hoc|x86.ActiveCfg = Release|iPhone
		{479F258B-F78C-4A5B-8351-23911CE800A2}.Ad-Hoc|x86.Build.0 = Release|iPhone
		{479F258B-F78C-4A5B-8351-23911CE800A2}.AppStore|Any CPU.ActiveCfg = Release|iPhone
		{479F258B-F78C-4A5B-8351-23911CE800A2}.AppStore|Any CPU.Build.0 = Release|iPhone
		{479F258B-F78C-4A5B-8351-23911CE800A2}.AppStore|ARM.ActiveCfg = Release|iPhone
		{479F258B-F78C-4A5B-8351-23911CE800A2}.AppStore|ARM.Build.0 = Release|iPhone
		{479F258B-F78C-4A5B-8351-23911CE800A2}.AppStore|iPhone.ActiveCfg = Release|iPhone
		{479F258B-F78C-4A5B-8351-23911CE800A2}.AppStore|iPhone.Build.0 = Release|iPhone
		{479F258B-F78C-4A5B-8351-23911CE800A2}.AppStore|iPhoneSimulator.ActiveCfg = Release|iPhoneSimulator
		{479F258B-F78C-4A5B-8351-23911CE800A2}.AppStore|iPhoneSimulator.Build.0 = Release|iPhoneSimulator
		{479F258B-F78C-4A5B-8351-23911CE800A2}.AppStore|x64.ActiveCfg = Release|iPhone
		{479F258B-F78C-4A5B-8351-23911CE800A2}.AppStore|x64.Build.0 = Release|iPhone
		{479F258B-F78C-4A5B-8351-23911CE800A2}.AppStore|x86.ActiveCfg = Release|iPhone
		{479F258B-F78C-4A5B-8351-23911CE800A2}.AppStore|x86.Build.0 = Release|iPhone
		{479F258B-F78C-4A5B-8351-23911CE800A2}.Debug|Any CPU.ActiveCfg = Debug|iPhone
		{479F258B-F78C-4A5B-8351-23911CE800A2}.Debug|Any CPU.Build.0 = Debug|iPhone
		{479F258B-F78C-4A5B-8351-23911CE800A2}.Debug|ARM.ActiveCfg = Debug|iPhone
		{479F258B-F78C-4A5B-8351-23911CE800A2}.Debug|iPhone.ActiveCfg = Debug|iPhone
		{479F258B-F78C-4A5B-8351-23911CE800A2}.Debug|iPhone.Build.0 = Debug|iPhone
		{479F258B-F78C-4A5B-8351-23911CE800A2}.Debug|iPhoneSimulator.ActiveCfg = Debug|iPhoneSimulator
		{479F258B-F78C-4A5B-8351-23911CE800A2}.Debug|iPhoneSimulator.Build.0 = Debug|iPhoneSimulator
		{479F258B-F78C-4A5B-8351-23911CE800A2}.Debug|x64.ActiveCfg = Debug|iPhone
		{479F258B-F78C-4A5B-8351-23911CE800A2}.Debug|x86.ActiveCfg = Debug|iPhone
		{479F258B-F78C-4A5B-8351-23911CE800A2}.Release|Any CPU.ActiveCfg = Release|iPhone
		{479F258B-F78C-4A5B-8351-23911CE800A2}.Release|ARM.ActiveCfg = Release|iPhone
		{479F258B-F78C-4A5B-8351-23911CE800A2}.Release|iPhone.ActiveCfg = Release|iPhone
		{479F258B-F78C-4A5B-8351-23911CE800A2}.Release|iPhone.Build.0 = Release|iPhone
		{479F258B-F78C-4A5B-8351-23911CE800A2}.Release|iPhoneSimulator.ActiveCfg = Release|iPhoneSimulator
		{479F258B-F78C-4A5B-8351-23911CE800A2}.Release|iPhoneSimulator.Build.0 = Release|iPhoneSimulator
		{479F258B-F78C-4A5B-8351-23911CE800A2}.Release|x64.ActiveCfg = Release|iPhone
		{479F258B-F78C-4A5B-8351-23911CE800A2}.Release|x86.ActiveCfg = Release|iPhone
		{34527F69-F4D9-4775-99D9-FC59A15AEFD0}.Ad-Hoc|Any CPU.ActiveCfg = Release|iPhoneSimulator
		{34527F69-F4D9-4775-99D9-FC59A15AEFD0}.Ad-Hoc|Any CPU.Build.0 = Release|iPhoneSimulator
		{34527F69-F4D9-4775-99D9-FC59A15AEFD0}.Ad-Hoc|ARM.ActiveCfg = Release|iPhoneSimulator
		{34527F69-F4D9-4775-99D9-FC59A15AEFD0}.Ad-Hoc|ARM.Build.0 = Release|iPhoneSimulator
		{34527F69-F4D9-4775-99D9-FC59A15AEFD0}.Ad-Hoc|iPhone.ActiveCfg = Release|iPhoneSimulator
		{34527F69-F4D9-4775-99D9-FC59A15AEFD0}.Ad-Hoc|iPhone.Build.0 = Release|iPhoneSimulator
		{34527F69-F4D9-4775-99D9-FC59A15AEFD0}.Ad-Hoc|iPhoneSimulator.ActiveCfg = Release|iPhoneSimulator
		{34527F69-F4D9-4775-99D9-FC59A15AEFD0}.Ad-Hoc|iPhoneSimulator.Build.0 = Release|iPhoneSimulator
		{34527F69-F4D9-4775-99D9-FC59A15AEFD0}.Ad-Hoc|x64.ActiveCfg = Release|iPhoneSimulator
		{34527F69-F4D9-4775-99D9-FC59A15AEFD0}.Ad-Hoc|x64.Build.0 = Release|iPhoneSimulator
		{34527F69-F4D9-4775-99D9-FC59A15AEFD0}.Ad-Hoc|x86.ActiveCfg = Release|iPhoneSimulator
		{34527F69-F4D9-4775-99D9-FC59A15AEFD0}.Ad-Hoc|x86.Build.0 = Release|iPhoneSimulator
		{34527F69-F4D9-4775-99D9-FC59A15AEFD0}.AppStore|Any CPU.ActiveCfg = Release|iPhoneSimulator
		{34527F69-F4D9-4775-99D9-FC59A15AEFD0}.AppStore|Any CPU.Build.0 = Release|iPhoneSimulator
		{34527F69-F4D9-4775-99D9-FC59A15AEFD0}.AppStore|ARM.ActiveCfg = Release|iPhoneSimulator
		{34527F69-F4D9-4775-99D9-FC59A15AEFD0}.AppStore|ARM.Build.0 = Release|iPhoneSimulator
		{34527F69-F4D9-4775-99D9-FC59A15AEFD0}.AppStore|iPhone.ActiveCfg = Release|iPhoneSimulator
		{34527F69-F4D9-4775-99D9-FC59A15AEFD0}.AppStore|iPhone.Build.0 = Release|iPhoneSimulator
		{34527F69-F4D9-4775-99D9-FC59A15AEFD0}.AppStore|iPhoneSimulator.ActiveCfg = Release|iPhoneSimulator
		{34527F69-F4D9-4775-99D9-FC59A15AEFD0}.AppStore|iPhoneSimulator.Build.0 = Release|iPhoneSimulator
		{34527F69-F4D9-4775-99D9-FC59A15AEFD0}.AppStore|x64.ActiveCfg = Release|iPhoneSimulator
		{34527F69-F4D9-4775-99D9-FC59A15AEFD0}.AppStore|x64.Build.0 = Release|iPhoneSimulator
		{34527F69-F4D9-4775-99D9-FC59A15AEFD0}.AppStore|x86.ActiveCfg = Release|iPhoneSimulator
		{34527F69-F4D9-4775-99D9-FC59A15AEFD0}.AppStore|x86.Build.0 = Release|iPhoneSimulator
		{34527F69-F4D9-4775-99D9-FC59A15AEFD0}.Debug|Any CPU.ActiveCfg = Debug|iPhoneSimulator
		{34527F69-F4D9-4775-99D9-FC59A15AEFD0}.Debug|Any CPU.Build.0 = Debug|iPhoneSimulator
		{34527F69-F4D9-4775-99D9-FC59A15AEFD0}.Debug|ARM.ActiveCfg = Debug|iPhoneSimulator
		{34527F69-F4D9-4775-99D9-FC59A15AEFD0}.Debug|iPhone.ActiveCfg = Debug|iPhoneSimulator
		{34527F69-F4D9-4775-99D9-FC59A15AEFD0}.Debug|iPhoneSimulator.ActiveCfg = Debug|iPhoneSimulator
		{34527F69-F4D9-4775-99D9-FC59A15AEFD0}.Debug|iPhoneSimulator.Build.0 = Debug|iPhoneSimulator
		{34527F69-F4D9-4775-99D9-FC59A15AEFD0}.Debug|x64.ActiveCfg = Debug|iPhoneSimulator
		{34527F69-F4D9-4775-99D9-FC59A15AEFD0}.Debug|x86.ActiveCfg = Debug|iPhoneSimulator
		{34527F69-F4D9-4775-99D9-FC59A15AEFD0}.Release|Any CPU.ActiveCfg = Release|iPhoneSimulator
		{34527F69-F4D9-4775-99D9-FC59A15AEFD0}.Release|ARM.ActiveCfg = Release|iPhoneSimulator
		{34527F69-F4D9-4775-99D9-FC59A15AEFD0}.Release|iPhone.ActiveCfg = Release|iPhoneSimulator
		{34527F69-F4D9-4775-99D9-FC59A15AEFD0}.Release|iPhoneSimulator.ActiveCfg = Release|iPhoneSimulator
		{34527F69-F4D9-4775-99D9-FC59A15AEFD0}.Release|iPhoneSimulator.Build.0 = Release|iPhoneSimulator
		{34527F69-F4D9-4775-99D9-FC59A15AEFD0}.Release|x64.ActiveCfg = Release|iPhoneSimulator
		{34527F69-F4D9-4775-99D9-FC59A15AEFD0}.Release|x86.ActiveCfg = Release|iPhoneSimulator
		{0A4C14BD-FD41-470F-8235-FE5A97405519}.Ad-Hoc|Any CPU.ActiveCfg = Release|iPhone
		{0A4C14BD-FD41-470F-8235-FE5A97405519}.Ad-Hoc|Any CPU.Build.0 = Release|iPhone
		{0A4C14BD-FD41-470F-8235-FE5A97405519}.Ad-Hoc|ARM.ActiveCfg = Release|iPhone
		{0A4C14BD-FD41-470F-8235-FE5A97405519}.Ad-Hoc|ARM.Build.0 = Release|iPhone
		{0A4C14BD-FD41-470F-8235-FE5A97405519}.Ad-Hoc|iPhone.ActiveCfg = Release|iPhone
		{0A4C14BD-FD41-470F-8235-FE5A97405519}.Ad-Hoc|iPhone.Build.0 = Release|iPhone
		{0A4C14BD-FD41-470F-8235-FE5A97405519}.Ad-Hoc|iPhoneSimulator.ActiveCfg = Release|iPhoneSimulator
		{0A4C14BD-FD41-470F-8235-FE5A97405519}.Ad-Hoc|iPhoneSimulator.Build.0 = Release|iPhoneSimulator
		{0A4C14BD-FD41-470F-8235-FE5A97405519}.Ad-Hoc|x64.ActiveCfg = Release|iPhone
		{0A4C14BD-FD41-470F-8235-FE5A97405519}.Ad-Hoc|x64.Build.0 = Release|iPhone
		{0A4C14BD-FD41-470F-8235-FE5A97405519}.Ad-Hoc|x86.ActiveCfg = Release|iPhone
		{0A4C14BD-FD41-470F-8235-FE5A97405519}.Ad-Hoc|x86.Build.0 = Release|iPhone
		{0A4C14BD-FD41-470F-8235-FE5A97405519}.AppStore|Any CPU.ActiveCfg = Release|iPhone
		{0A4C14BD-FD41-470F-8235-FE5A97405519}.AppStore|Any CPU.Build.0 = Release|iPhone
		{0A4C14BD-FD41-470F-8235-FE5A97405519}.AppStore|ARM.ActiveCfg = Release|iPhone
		{0A4C14BD-FD41-470F-8235-FE5A97405519}.AppStore|ARM.Build.0 = Release|iPhone
		{0A4C14BD-FD41-470F-8235-FE5A97405519}.AppStore|iPhone.ActiveCfg = Release|iPhone
		{0A4C14BD-FD41-470F-8235-FE5A97405519}.AppStore|iPhone.Build.0 = Release|iPhone
		{0A4C14BD-FD41-470F-8235-FE5A97405519}.AppStore|iPhoneSimulator.ActiveCfg = Release|iPhoneSimulator
		{0A4C14BD-FD41-470F-8235-FE5A97405519}.AppStore|iPhoneSimulator.Build.0 = Release|iPhoneSimulator
		{0A4C14BD-FD41-470F-8235-FE5A97405519}.AppStore|x64.ActiveCfg = Release|iPhone
		{0A4C14BD-FD41-470F-8235-FE5A97405519}.AppStore|x64.Build.0 = Release|iPhone
		{0A4C14BD-FD41-470F-8235-FE5A97405519}.AppStore|x86.ActiveCfg = Release|iPhone
		{0A4C14BD-FD41-470F-8235-FE5A97405519}.AppStore|x86.Build.0 = Release|iPhone
		{0A4C14BD-FD41-470F-8235-FE5A97405519}.Debug|Any CPU.ActiveCfg = Debug|iPhone
		{0A4C14BD-FD41-470F-8235-FE5A97405519}.Debug|Any CPU.Build.0 = Debug|iPhone
		{0A4C14BD-FD41-470F-8235-FE5A97405519}.Debug|ARM.ActiveCfg = Debug|iPhone
		{0A4C14BD-FD41-470F-8235-FE5A97405519}.Debug|iPhone.ActiveCfg = Debug|iPhone
		{0A4C14BD-FD41-470F-8235-FE5A97405519}.Debug|iPhone.Build.0 = Debug|iPhone
		{0A4C14BD-FD41-470F-8235-FE5A97405519}.Debug|iPhoneSimulator.ActiveCfg = Debug|iPhoneSimulator
		{0A4C14BD-FD41-470F-8235-FE5A97405519}.Debug|iPhoneSimulator.Build.0 = Debug|iPhoneSimulator
		{0A4C14BD-FD41-470F-8235-FE5A97405519}.Debug|x64.ActiveCfg = Debug|iPhone
		{0A4C14BD-FD41-470F-8235-FE5A97405519}.Debug|x86.ActiveCfg = Debug|iPhone
		{0A4C14BD-FD41-470F-8235-FE5A97405519}.Release|Any CPU.ActiveCfg = Release|iPhone
		{0A4C14BD-FD41-470F-8235-FE5A97405519}.Release|ARM.ActiveCfg = Release|iPhone
		{0A4C14BD-FD41-470F-8235-FE5A97405519}.Release|iPhone.ActiveCfg = Release|iPhone
		{0A4C14BD-FD41-470F-8235-FE5A97405519}.Release|iPhone.Build.0 = Release|iPhone
		{0A4C14BD-FD41-470F-8235-FE5A97405519}.Release|iPhoneSimulator.ActiveCfg = Release|iPhoneSimulator
		{0A4C14BD-FD41-470F-8235-FE5A97405519}.Release|iPhoneSimulator.Build.0 = Release|iPhoneSimulator
		{0A4C14BD-FD41-470F-8235-FE5A97405519}.Release|x64.ActiveCfg = Release|iPhone
		{0A4C14BD-FD41-470F-8235-FE5A97405519}.Release|x86.ActiveCfg = Release|iPhone
	EndGlobalSection
	GlobalSection(SolutionProperties) = preSolution
		HideSolutionNode = FALSE
	EndGlobalSection
	GlobalSection(NestedProjects) = preSolution
		{DD5FE1BA-D2FC-4AF7-860F-C7C8AF0C17B4} = {6FFBECD5-AC8D-4B60-9D5E-C847AC0DC22A}
		{46FDD0BB-356C-450A-A0F7-5AF6F4B3C082} = {6FFBECD5-AC8D-4B60-9D5E-C847AC0DC22A}
		{BA40E6BD-F568-4301-A402-3846F176D49E} = {DD5FE1BA-D2FC-4AF7-860F-C7C8AF0C17B4}
		{7E32A11A-AA96-4DAA-9181-FCB6C36250EC} = {DD5FE1BA-D2FC-4AF7-860F-C7C8AF0C17B4}
		{8E64CF15-8657-4540-BDE6-626E5827F221} = {DD5FE1BA-D2FC-4AF7-860F-C7C8AF0C17B4}
		{9E58BD10-4C83-49A9-80AB-CF123576DD55} = {DD5FE1BA-D2FC-4AF7-860F-C7C8AF0C17B4}
		{4EEBA7F8-013A-4CF9-BFE6-8834E70DB656} = {46FDD0BB-356C-450A-A0F7-5AF6F4B3C082}
		{479F258B-F78C-4A5B-8351-23911CE800A2} = {46FDD0BB-356C-450A-A0F7-5AF6F4B3C082}
		{34527F69-F4D9-4775-99D9-FC59A15AEFD0} = {46FDD0BB-356C-450A-A0F7-5AF6F4B3C082}
		{0A4C14BD-FD41-470F-8235-FE5A97405519} = {46FDD0BB-356C-450A-A0F7-5AF6F4B3C082}
	EndGlobalSection
	GlobalSection(ExtensibilityGlobals) = postSolution
		SolutionGuid = {FA645EF5-7121-4AD6-96C4-6BD29CBD178D}
	EndGlobalSection
	GlobalSection(MonoDevelopProperties) = preSolution
		version = 2.5
	EndGlobalSection
EndGlobal
